// !$*UTF8*$!
{
	archiveVersion = 1;
	classes = {
	};
	objectVersion = 46;
	objects = {

/* Begin PBXBuildFile section */
		3B1020361D0D53BD005C0F68 /* ZKLoginViewController.m in Sources */ = {isa = PBXBuildFile; fileRef = 3B1020341D0D53BD005C0F68 /* ZKLoginViewController.m */; };
		3B1020371D0D53BD005C0F68 /* ZKLoginViewController.xib in Resources */ = {isa = PBXBuildFile; fileRef = 3B1020351D0D53BD005C0F68 /* ZKLoginViewController.xib */; };
		3B592AF01D0516C800E2727E /* ZKBaseViewController.m in Sources */ = {isa = PBXBuildFile; fileRef = 3B592AEF1D0516C800E2727E /* ZKBaseViewController.m */; };
		3B592AF61D0517A800E2727E /* ZKTabelViewController.m in Sources */ = {isa = PBXBuildFile; fileRef = 3B592AF51D0517A800E2727E /* ZKTabelViewController.m */; };
		3B592AF91D0517EE00E2727E /* ZKTableViewBaseController.m in Sources */ = {isa = PBXBuildFile; fileRef = 3B592AF81D0517EE00E2727E /* ZKTableViewBaseController.m */; };
		3B592AFC1D05190300E2727E /* ZKErrorView.m in Sources */ = {isa = PBXBuildFile; fileRef = 3B592AFB1D05190300E2727E /* ZKErrorView.m */; };
		3B592B011D05298400E2727E /* icon_120x120.png in Resources */ = {isa = PBXBuildFile; fileRef = 3B592AFE1D05298400E2727E /* icon_120x120.png */; };
		3B592B021D05298400E2727E /* icon.png in Resources */ = {isa = PBXBuildFile; fileRef = 3B592AFF1D05298400E2727E /* icon.png */; };
		3B592B031D05298400E2727E /* icon@2x.png in Resources */ = {isa = PBXBuildFile; fileRef = 3B592B001D05298400E2727E /* icon@2x.png */; };
		3B592B071D05299E00E2727E /* LaunchImage-568h@2x.png in Resources */ = {isa = PBXBuildFile; fileRef = 3B592B041D05299E00E2727E /* LaunchImage-568h@2x.png */; };
		3B592B081D05299E00E2727E /* LaunchImage.png in Resources */ = {isa = PBXBuildFile; fileRef = 3B592B051D05299E00E2727E /* LaunchImage.png */; };
		3B592B091D05299E00E2727E /* LaunchImage@2x.png in Resources */ = {isa = PBXBuildFile; fileRef = 3B592B061D05299E00E2727E /* LaunchImage@2x.png */; };
		3B5A59A71D01825800105280 /* main.m in Sources */ = {isa = PBXBuildFile; fileRef = 3B5A59A61D01825800105280 /* main.m */; };
		3B5A59AA1D01825800105280 /* AppDelegate.m in Sources */ = {isa = PBXBuildFile; fileRef = 3B5A59A91D01825800105280 /* AppDelegate.m */; };
		3B5A59B21D01825800105280 /* Assets.xcassets in Resources */ = {isa = PBXBuildFile; fileRef = 3B5A59B11D01825800105280 /* Assets.xcassets */; };
		3B5A59C01D01825800105280 /* cyPZHTests.m in Sources */ = {isa = PBXBuildFile; fileRef = 3B5A59BF1D01825800105280 /* cyPZHTests.m */; };
		3B5A59CB1D01825800105280 /* cyPZHUITests.m in Sources */ = {isa = PBXBuildFile; fileRef = 3B5A59CA1D01825800105280 /* cyPZHUITests.m */; };
		3B5A59EE1D0184B200105280 /* Foundation+Log.m in Sources */ = {isa = PBXBuildFile; fileRef = 3B5A59DB1D0184B200105280 /* Foundation+Log.m */; };
		3B5A59EF1D0184B200105280 /* NSDictionary+FixedParams.m in Sources */ = {isa = PBXBuildFile; fileRef = 3B5A59DD1D0184B200105280 /* NSDictionary+FixedParams.m */; };
		3B5A59F01D0184B200105280 /* NSString+Regex.m in Sources */ = {isa = PBXBuildFile; fileRef = 3B5A59DF1D0184B200105280 /* NSString+Regex.m */; };
		3B5A59F11D0184B200105280 /* UIBarButtonItem+Custom.m in Sources */ = {isa = PBXBuildFile; fileRef = 3B5A59E11D0184B200105280 /* UIBarButtonItem+Custom.m */; };
		3B5A59F21D0184B200105280 /* UIImage+CircleImage.m in Sources */ = {isa = PBXBuildFile; fileRef = 3B5A59E31D0184B200105280 /* UIImage+CircleImage.m */; };
		3B5A59F31D0184B200105280 /* UIImage+Strenching.m in Sources */ = {isa = PBXBuildFile; fileRef = 3B5A59E51D0184B200105280 /* UIImage+Strenching.m */; };
		3B5A59F41D0184B200105280 /* UIImage+Thumbnail.m in Sources */ = {isa = PBXBuildFile; fileRef = 3B5A59E71D0184B200105280 /* UIImage+Thumbnail.m */; };
		3B5A59F51D0184B200105280 /* UIImageView+ZKWebCache.m in Sources */ = {isa = PBXBuildFile; fileRef = 3B5A59E91D0184B200105280 /* UIImageView+ZKWebCache.m */; };
		3B5A59F61D0184B200105280 /* UIViewController+Prompt.m in Sources */ = {isa = PBXBuildFile; fileRef = 3B5A59EB1D0184B200105280 /* UIViewController+Prompt.m */; };
		3B5A5A0A1D0184BE00105280 /* YYSearchBar.m in Sources */ = {isa = PBXBuildFile; fileRef = 3B5A59FC1D0184BE00105280 /* YYSearchBar.m */; };
		3B5A5A0B1D0184BE00105280 /* ZKNavigationController.m in Sources */ = {isa = PBXBuildFile; fileRef = 3B5A59FE1D0184BE00105280 /* ZKNavigationController.m */; };
		3B5A5A0E1D0184BE00105280 /* ZKTextField.m in Sources */ = {isa = PBXBuildFile; fileRef = 3B5A5A041D0184BE00105280 /* ZKTextField.m */; };
		3B5A5A161D0184C700105280 /* UIBarButtonItem+YY.m in Sources */ = {isa = PBXBuildFile; fileRef = 3B5A5A131D0184C700105280 /* UIBarButtonItem+YY.m */; };
		3B5A5A171D0184C700105280 /* ZKCommonImagePickerController.m in Sources */ = {isa = PBXBuildFile; fileRef = 3B5A5A151D0184C700105280 /* ZKCommonImagePickerController.m */; };
		3B5A5A1F1D0184D000105280 /* UploadParam.m in Sources */ = {isa = PBXBuildFile; fileRef = 3B5A5A1A1D0184D000105280 /* UploadParam.m */; };
		3B5A5A201D0184D000105280 /* ZKHttp.m in Sources */ = {isa = PBXBuildFile; fileRef = 3B5A5A1C1D0184D000105280 /* ZKHttp.m */; };
		3B5A5A211D0184D000105280 /* ZKUtil.m in Sources */ = {isa = PBXBuildFile; fileRef = 3B5A5A1E1D0184D000105280 /* ZKUtil.m */; };
		3B5A5A301D01850800105280 /* HHLocationManger.m in Sources */ = {isa = PBXBuildFile; fileRef = 3B5A5A2F1D01850800105280 /* HHLocationManger.m */; };
		3B5A5A381D0189A700105280 /* WXLDefine.m in Sources */ = {isa = PBXBuildFile; fileRef = 3B5A5A331D0189A700105280 /* WXLDefine.m */; };
		3B5A5A391D0189A700105280 /* TLDefine.m in Sources */ = {isa = PBXBuildFile; fileRef = 3B5A5A351D0189A700105280 /* TLDefine.m */; };
		3B5A5A3A1D0189A700105280 /* PublicDefine.m in Sources */ = {isa = PBXBuildFile; fileRef = 3B5A5A371D0189A700105280 /* PublicDefine.m */; };
		3B5A5A3F1D018BBF00105280 /* libBaiduMobStat.a in Frameworks */ = {isa = PBXBuildFile; fileRef = 3B5A5A3E1D018BBF00105280 /* libBaiduMobStat.a */; };
		3B5E6D291D0CF3390096F9D7 /* ZKRobotStateTableViewCell.m in Sources */ = {isa = PBXBuildFile; fileRef = 3B5E6D281D0CF3390096F9D7 /* ZKRobotStateTableViewCell.m */; };
		3B61CC031D0E44E90022DDC7 /* main.storyboard in Resources */ = {isa = PBXBuildFile; fileRef = 3B61CC021D0E44E90022DDC7 /* main.storyboard */; };
		3B61CC061D0E4BA40022DDC7 /* ZKMainTabBarViewController.m in Sources */ = {isa = PBXBuildFile; fileRef = 3B61CC051D0E4BA40022DDC7 /* ZKMainTabBarViewController.m */; };
		3B61CC0C1D0E4C570022DDC7 /* ZKMainPalyCollectionViewController.m in Sources */ = {isa = PBXBuildFile; fileRef = 3B61CC0B1D0E4C570022DDC7 /* ZKMainPalyCollectionViewController.m */; };
		3B61CC121D0E4C9D0022DDC7 /* ZKMainMapViewController.m in Sources */ = {isa = PBXBuildFile; fileRef = 3B61CC111D0E4C9D0022DDC7 /* ZKMainMapViewController.m */; };
		3B61CC181D0E4F660022DDC7 /* ZKMainHomeTableViewController.m in Sources */ = {isa = PBXBuildFile; fileRef = 3B61CC171D0E4F660022DDC7 /* ZKMainHomeTableViewController.m */; };
		3B61CC1B1D0E4F8A0022DDC7 /* ZKMainSceneryTableViewController.m in Sources */ = {isa = PBXBuildFile; fileRef = 3B61CC1A1D0E4F8A0022DDC7 /* ZKMainSceneryTableViewController.m */; };
		3B61CC1E1D0E50970022DDC7 /* ZKMainMineTableViewController.m in Sources */ = {isa = PBXBuildFile; fileRef = 3B61CC1D1D0E50970022DDC7 /* ZKMainMineTableViewController.m */; };
		3B63F59C1D07BDA20087E974 /* ZKRobotLabelMode.m in Sources */ = {isa = PBXBuildFile; fileRef = 3B63F59B1D07BDA20087E974 /* ZKRobotLabelMode.m */; };
		3B63F59F1D07CC650087E974 /* ZKRobotTallyTableViewCell.m in Sources */ = {isa = PBXBuildFile; fileRef = 3B63F59E1D07CC650087E974 /* ZKRobotTallyTableViewCell.m */; };
		3B787A7B1D065EE7009997E9 /* ZKRobotDeployList.m in Sources */ = {isa = PBXBuildFile; fileRef = 3B787A7A1D065EE7009997E9 /* ZKRobotDeployList.m */; };
		3B787A7E1D066AC4009997E9 /* ZKRobotToolView.m in Sources */ = {isa = PBXBuildFile; fileRef = 3B787A7D1D066AC4009997E9 /* ZKRobotToolView.m */; };
		3B787A831D069219009997E9 /* ZKRobotTableViewCell.m in Sources */ = {isa = PBXBuildFile; fileRef = 3B787A821D069219009997E9 /* ZKRobotTableViewCell.m */; };
		3B787A861D06922E009997E9 /* ZKUserTableViewCell.m in Sources */ = {isa = PBXBuildFile; fileRef = 3B787A851D06922E009997E9 /* ZKUserTableViewCell.m */; };
		3B9D91F51D07E71D002196A1 /* DBSphereView.m in Sources */ = {isa = PBXBuildFile; fileRef = 3B9D91F41D07E71D002196A1 /* DBSphereView.m */; };
		3B9D91F91D07FA74002196A1 /* WXSpeechSynthesizerPlayer.m in Sources */ = {isa = PBXBuildFile; fileRef = 3B9D91F81D07FA74002196A1 /* WXSpeechSynthesizerPlayer.m */; settings = {COMPILER_FLAGS = "-fno-objc-arc"; }; };
		3BA21D421D0540CC0027B5CE /* ZKAdvertisementViewController.m in Sources */ = {isa = PBXBuildFile; fileRef = 3BA21D411D0540CC0027B5CE /* ZKAdvertisementViewController.m */; };
		3BA21D451D054F190027B5CE /* ZKBaseWebViewController.m in Sources */ = {isa = PBXBuildFile; fileRef = 3BA21D441D054F190027B5CE /* ZKBaseWebViewController.m */; };
		3BA21D481D055A8A0027B5CE /* ZKForbidNavigationController.m in Sources */ = {isa = PBXBuildFile; fileRef = 3BA21D471D055A8A0027B5CE /* ZKForbidNavigationController.m */; };
		3BA21D4F1D0562220027B5CE /* ZKRobotViewController.mm in Sources */ = {isa = PBXBuildFile; fileRef = 3BA21D4E1D0562220027B5CE /* ZKRobotViewController.mm */; };
		3BA21D5C1D05644E0027B5CE /* libmtaWXOsdk.a in Frameworks */ = {isa = PBXBuildFile; fileRef = 3BA21D581D05644E0027B5CE /* libmtaWXOsdk.a */; };
		3BA21D5D1D05644E0027B5CE /* libWXVoiceSDK.a in Frameworks */ = {isa = PBXBuildFile; fileRef = 3BA21D591D05644E0027B5CE /* libWXVoiceSDK.a */; };
		3BA21D5F1D05646B0027B5CE /* AudioToolbox.framework in Frameworks */ = {isa = PBXBuildFile; fileRef = 3BA21D5E1D05646B0027B5CE /* AudioToolbox.framework */; };
		3BA21D611D05647F0027B5CE /* AVFoundation.framework in Frameworks */ = {isa = PBXBuildFile; fileRef = 3BA21D601D05647F0027B5CE /* AVFoundation.framework */; };
		3BA21D631D0564920027B5CE /* libz.tbd in Frameworks */ = {isa = PBXBuildFile; fileRef = 3BA21D621D0564920027B5CE /* libz.tbd */; };
		3BA21D651D0564AF0027B5CE /* libsqlite3.tbd in Frameworks */ = {isa = PBXBuildFile; fileRef = 3BA21D641D0564AF0027B5CE /* libsqlite3.tbd */; };
		3BA21D671D0565C20027B5CE /* libstdc++.6.0.9.tbd in Frameworks */ = {isa = PBXBuildFile; fileRef = 3BA21D661D0565C20027B5CE /* libstdc++.6.0.9.tbd */; };
		3BA21D6A1D056B300027B5CE /* ZKRobotTableView.m in Sources */ = {isa = PBXBuildFile; fileRef = 3BA21D691D056B300027B5CE /* ZKRobotTableView.m */; };
		3BA21D6D1D056B8C0027B5CE /* ZKRobotTallyView.m in Sources */ = {isa = PBXBuildFile; fileRef = 3BA21D6C1D056B8C0027B5CE /* ZKRobotTallyView.m */; };
		3BA21D701D056BFE0027B5CE /* ZKRobotMode.m in Sources */ = {isa = PBXBuildFile; fileRef = 3BA21D6F1D056BFE0027B5CE /* ZKRobotMode.m */; };
		3BBF4F0A1D05133C00EB8DCF /* MJDIYBackFooter.m in Sources */ = {isa = PBXBuildFile; fileRef = 3BBF4F091D05133C00EB8DCF /* MJDIYBackFooter.m */; };
		3BBF4F0D1D05134B00EB8DCF /* MJDIYHeader.m in Sources */ = {isa = PBXBuildFile; fileRef = 3BBF4F0C1D05134B00EB8DCF /* MJDIYHeader.m */; };
		3BBF4F171D05156900EB8DCF /* ZKBaseTableView.m in Sources */ = {isa = PBXBuildFile; fileRef = 3BBF4F141D05156900EB8DCF /* ZKBaseTableView.m */; };
		A1DBFCED1D02F5E30037700D /* JavaScriptCore.framework in Frameworks */ = {isa = PBXBuildFile; fileRef = A1DBFCEC1D02F5E30037700D /* JavaScriptCore.framework */; };
		A1DBFCEF1D02F5EB0037700D /* Security.framework in Frameworks */ = {isa = PBXBuildFile; fileRef = A1DBFCEE1D02F5EB0037700D /* Security.framework */; };
		A1DBFCF11D02F5F50037700D /* CoreLocation.framework in Frameworks */ = {isa = PBXBuildFile; fileRef = A1DBFCF01D02F5F50037700D /* CoreLocation.framework */; };
		A1DBFCF31D02F5FC0037700D /* SystemConfiguration.framework in Frameworks */ = {isa = PBXBuildFile; fileRef = A1DBFCF21D02F5FC0037700D /* SystemConfiguration.framework */; };
		A1DBFCF51D02F6060037700D /* CoreTelephony.framework in Frameworks */ = {isa = PBXBuildFile; fileRef = A1DBFCF41D02F6060037700D /* CoreTelephony.framework */; };
		A1DBFCF71D02F60E0037700D /* CoreGraphics.framework in Frameworks */ = {isa = PBXBuildFile; fileRef = A1DBFCF61D02F60E0037700D /* CoreGraphics.framework */; };
		A1DBFCF91D02F61D0037700D /* libz.1.2.5.tbd in Frameworks */ = {isa = PBXBuildFile; fileRef = A1DBFCF81D02F61D0037700D /* libz.1.2.5.tbd */; };
		A1DBFCFB1D02F6390037700D /* libstdc++.tbd in Frameworks */ = {isa = PBXBuildFile; fileRef = A1DBFCFA1D02F6390037700D /* libstdc++.tbd */; };
		A1E574CA1D0458D5009E5507 /* UIView+ZKMasonry.m in Sources */ = {isa = PBXBuildFile; fileRef = A1E574C91D0458D5009E5507 /* UIView+ZKMasonry.m */; };
		A1E574CF1D045D25009E5507 /* UserInfo.m in Sources */ = {isa = PBXBuildFile; fileRef = A1E574CE1D045D25009E5507 /* UserInfo.m */; };
		A1E574D21D045D4F009E5507 /* ZKCache.m in Sources */ = {isa = PBXBuildFile; fileRef = A1E574D11D045D4F009E5507 /* ZKCache.m */; };
		A1F967031D0423E700AF07EB /* iCarousel.m in Sources */ = {isa = PBXBuildFile; fileRef = A1F967021D0423E700AF07EB /* iCarousel.m */; settings = {COMPILER_FLAGS = "-fno-objc-arc"; }; };
		F4E1AB00E7A40DF3585DEA7E /* Pods.framework in Frameworks */ = {isa = PBXBuildFile; fileRef = 134064B43C42BA3C611EA947 /* Pods.framework */; };
/* End PBXBuildFile section */

/* Begin PBXContainerItemProxy section */
		3B5A59BC1D01825800105280 /* PBXContainerItemProxy */ = {
			isa = PBXContainerItemProxy;
			containerPortal = 3B5A599A1D01825800105280 /* Project object */;
			proxyType = 1;
			remoteGlobalIDString = 3B5A59A11D01825800105280;
			remoteInfo = cyPZH;
		};
		3B5A59C71D01825800105280 /* PBXContainerItemProxy */ = {
			isa = PBXContainerItemProxy;
			containerPortal = 3B5A599A1D01825800105280 /* Project object */;
			proxyType = 1;
			remoteGlobalIDString = 3B5A59A11D01825800105280;
			remoteInfo = cyPZH;
		};
/* End PBXContainerItemProxy section */

/* Begin PBXFileReference section */
		05BEC5071EF2473BE33402D7 /* Pods.debug.xcconfig */ = {isa = PBXFileReference; includeInIndex = 1; lastKnownFileType = text.xcconfig; name = Pods.debug.xcconfig; path = "Pods/Target Support Files/Pods/Pods.debug.xcconfig"; sourceTree = "<group>"; };
		134064B43C42BA3C611EA947 /* Pods.framework */ = {isa = PBXFileReference; explicitFileType = wrapper.framework; includeInIndex = 0; path = Pods.framework; sourceTree = BUILT_PRODUCTS_DIR; };
		3B1020331D0D53BD005C0F68 /* ZKLoginViewController.h */ = {isa = PBXFileReference; fileEncoding = 4; lastKnownFileType = sourcecode.c.h; path = ZKLoginViewController.h; sourceTree = "<group>"; };
		3B1020341D0D53BD005C0F68 /* ZKLoginViewController.m */ = {isa = PBXFileReference; fileEncoding = 4; lastKnownFileType = sourcecode.c.objc; path = ZKLoginViewController.m; sourceTree = "<group>"; };
		3B1020351D0D53BD005C0F68 /* ZKLoginViewController.xib */ = {isa = PBXFileReference; fileEncoding = 4; lastKnownFileType = file.xib; path = ZKLoginViewController.xib; sourceTree = "<group>"; };
		3B592AEE1D0516C800E2727E /* ZKBaseViewController.h */ = {isa = PBXFileReference; fileEncoding = 4; lastKnownFileType = sourcecode.c.h; path = ZKBaseViewController.h; sourceTree = "<group>"; };
		3B592AEF1D0516C800E2727E /* ZKBaseViewController.m */ = {isa = PBXFileReference; fileEncoding = 4; lastKnownFileType = sourcecode.c.objc; path = ZKBaseViewController.m; sourceTree = "<group>"; };
		3B592AF41D0517A800E2727E /* ZKTabelViewController.h */ = {isa = PBXFileReference; fileEncoding = 4; lastKnownFileType = sourcecode.c.h; path = ZKTabelViewController.h; sourceTree = "<group>"; };
		3B592AF51D0517A800E2727E /* ZKTabelViewController.m */ = {isa = PBXFileReference; fileEncoding = 4; lastKnownFileType = sourcecode.c.objc; path = ZKTabelViewController.m; sourceTree = "<group>"; };
		3B592AF71D0517EE00E2727E /* ZKTableViewBaseController.h */ = {isa = PBXFileReference; fileEncoding = 4; lastKnownFileType = sourcecode.c.h; path = ZKTableViewBaseController.h; sourceTree = "<group>"; };
		3B592AF81D0517EE00E2727E /* ZKTableViewBaseController.m */ = {isa = PBXFileReference; fileEncoding = 4; lastKnownFileType = sourcecode.c.objc; path = ZKTableViewBaseController.m; sourceTree = "<group>"; };
		3B592AFA1D05190300E2727E /* ZKErrorView.h */ = {isa = PBXFileReference; fileEncoding = 4; lastKnownFileType = sourcecode.c.h; path = ZKErrorView.h; sourceTree = "<group>"; };
		3B592AFB1D05190300E2727E /* ZKErrorView.m */ = {isa = PBXFileReference; fileEncoding = 4; lastKnownFileType = sourcecode.c.objc; path = ZKErrorView.m; sourceTree = "<group>"; };
		3B592AFE1D05298400E2727E /* icon_120x120.png */ = {isa = PBXFileReference; lastKnownFileType = image.png; path = icon_120x120.png; sourceTree = "<group>"; };
		3B592AFF1D05298400E2727E /* icon.png */ = {isa = PBXFileReference; lastKnownFileType = image.png; path = icon.png; sourceTree = "<group>"; };
		3B592B001D05298400E2727E /* icon@2x.png */ = {isa = PBXFileReference; lastKnownFileType = image.png; path = "icon@2x.png"; sourceTree = "<group>"; };
		3B592B041D05299E00E2727E /* LaunchImage-568h@2x.png */ = {isa = PBXFileReference; lastKnownFileType = image.png; path = "LaunchImage-568h@2x.png"; sourceTree = "<group>"; };
		3B592B051D05299E00E2727E /* LaunchImage.png */ = {isa = PBXFileReference; lastKnownFileType = image.png; path = LaunchImage.png; sourceTree = "<group>"; };
		3B592B061D05299E00E2727E /* LaunchImage@2x.png */ = {isa = PBXFileReference; lastKnownFileType = image.png; path = "LaunchImage@2x.png"; sourceTree = "<group>"; };
		3B5A59A21D01825800105280 /* cyPZH.app */ = {isa = PBXFileReference; explicitFileType = wrapper.application; includeInIndex = 0; path = cyPZH.app; sourceTree = BUILT_PRODUCTS_DIR; };
		3B5A59A61D01825800105280 /* main.m */ = {isa = PBXFileReference; lastKnownFileType = sourcecode.c.objc; path = main.m; sourceTree = "<group>"; };
		3B5A59A81D01825800105280 /* AppDelegate.h */ = {isa = PBXFileReference; lastKnownFileType = sourcecode.c.h; path = AppDelegate.h; sourceTree = "<group>"; };
		3B5A59A91D01825800105280 /* AppDelegate.m */ = {isa = PBXFileReference; lastKnownFileType = sourcecode.c.objc; path = AppDelegate.m; sourceTree = "<group>"; };
		3B5A59B11D01825800105280 /* Assets.xcassets */ = {isa = PBXFileReference; lastKnownFileType = folder.assetcatalog; path = Assets.xcassets; sourceTree = "<group>"; };
		3B5A59B61D01825800105280 /* Info.plist */ = {isa = PBXFileReference; lastKnownFileType = text.plist.xml; path = Info.plist; sourceTree = "<group>"; };
		3B5A59BB1D01825800105280 /* cyPZHTests.xctest */ = {isa = PBXFileReference; explicitFileType = wrapper.cfbundle; includeInIndex = 0; path = cyPZHTests.xctest; sourceTree = BUILT_PRODUCTS_DIR; };
		3B5A59BF1D01825800105280 /* cyPZHTests.m */ = {isa = PBXFileReference; lastKnownFileType = sourcecode.c.objc; path = cyPZHTests.m; sourceTree = "<group>"; };
		3B5A59C11D01825800105280 /* Info.plist */ = {isa = PBXFileReference; lastKnownFileType = text.plist.xml; path = Info.plist; sourceTree = "<group>"; };
		3B5A59C61D01825800105280 /* cyPZHUITests.xctest */ = {isa = PBXFileReference; explicitFileType = wrapper.cfbundle; includeInIndex = 0; path = cyPZHUITests.xctest; sourceTree = BUILT_PRODUCTS_DIR; };
		3B5A59CA1D01825800105280 /* cyPZHUITests.m */ = {isa = PBXFileReference; lastKnownFileType = sourcecode.c.objc; name = cyPZHUITests.m; path = cyPZHUITests/cyPZHUITests.m; sourceTree = SOURCE_ROOT; };
		3B5A59CC1D01825800105280 /* Info.plist */ = {isa = PBXFileReference; lastKnownFileType = text.plist.xml; name = Info.plist; path = cyPZHUITests/Info.plist; sourceTree = SOURCE_ROOT; };
		3B5A59DB1D0184B200105280 /* Foundation+Log.m */ = {isa = PBXFileReference; fileEncoding = 4; lastKnownFileType = sourcecode.c.objc; path = "Foundation+Log.m"; sourceTree = "<group>"; };
		3B5A59DC1D0184B200105280 /* NSDictionary+FixedParams.h */ = {isa = PBXFileReference; fileEncoding = 4; lastKnownFileType = sourcecode.c.h; path = "NSDictionary+FixedParams.h"; sourceTree = "<group>"; };
		3B5A59DD1D0184B200105280 /* NSDictionary+FixedParams.m */ = {isa = PBXFileReference; fileEncoding = 4; lastKnownFileType = sourcecode.c.objc; path = "NSDictionary+FixedParams.m"; sourceTree = "<group>"; };
		3B5A59DE1D0184B200105280 /* NSString+Regex.h */ = {isa = PBXFileReference; fileEncoding = 4; lastKnownFileType = sourcecode.c.h; path = "NSString+Regex.h"; sourceTree = "<group>"; };
		3B5A59DF1D0184B200105280 /* NSString+Regex.m */ = {isa = PBXFileReference; fileEncoding = 4; lastKnownFileType = sourcecode.c.objc; path = "NSString+Regex.m"; sourceTree = "<group>"; };
		3B5A59E01D0184B200105280 /* UIBarButtonItem+Custom.h */ = {isa = PBXFileReference; fileEncoding = 4; lastKnownFileType = sourcecode.c.h; path = "UIBarButtonItem+Custom.h"; sourceTree = "<group>"; };
		3B5A59E11D0184B200105280 /* UIBarButtonItem+Custom.m */ = {isa = PBXFileReference; fileEncoding = 4; lastKnownFileType = sourcecode.c.objc; path = "UIBarButtonItem+Custom.m"; sourceTree = "<group>"; };
		3B5A59E21D0184B200105280 /* UIImage+CircleImage.h */ = {isa = PBXFileReference; fileEncoding = 4; lastKnownFileType = sourcecode.c.h; path = "UIImage+CircleImage.h"; sourceTree = "<group>"; };
		3B5A59E31D0184B200105280 /* UIImage+CircleImage.m */ = {isa = PBXFileReference; fileEncoding = 4; lastKnownFileType = sourcecode.c.objc; path = "UIImage+CircleImage.m"; sourceTree = "<group>"; };
		3B5A59E41D0184B200105280 /* UIImage+Strenching.h */ = {isa = PBXFileReference; fileEncoding = 4; lastKnownFileType = sourcecode.c.h; path = "UIImage+Strenching.h"; sourceTree = "<group>"; };
		3B5A59E51D0184B200105280 /* UIImage+Strenching.m */ = {isa = PBXFileReference; fileEncoding = 4; lastKnownFileType = sourcecode.c.objc; path = "UIImage+Strenching.m"; sourceTree = "<group>"; };
		3B5A59E61D0184B200105280 /* UIImage+Thumbnail.h */ = {isa = PBXFileReference; fileEncoding = 4; lastKnownFileType = sourcecode.c.h; path = "UIImage+Thumbnail.h"; sourceTree = "<group>"; };
		3B5A59E71D0184B200105280 /* UIImage+Thumbnail.m */ = {isa = PBXFileReference; fileEncoding = 4; lastKnownFileType = sourcecode.c.objc; path = "UIImage+Thumbnail.m"; sourceTree = "<group>"; };
		3B5A59E81D0184B200105280 /* UIImageView+ZKWebCache.h */ = {isa = PBXFileReference; fileEncoding = 4; lastKnownFileType = sourcecode.c.h; path = "UIImageView+ZKWebCache.h"; sourceTree = "<group>"; };
		3B5A59E91D0184B200105280 /* UIImageView+ZKWebCache.m */ = {isa = PBXFileReference; fileEncoding = 4; lastKnownFileType = sourcecode.c.objc; path = "UIImageView+ZKWebCache.m"; sourceTree = "<group>"; };
		3B5A59EA1D0184B200105280 /* UIViewController+Prompt.h */ = {isa = PBXFileReference; fileEncoding = 4; lastKnownFileType = sourcecode.c.h; path = "UIViewController+Prompt.h"; sourceTree = "<group>"; };
		3B5A59EB1D0184B200105280 /* UIViewController+Prompt.m */ = {isa = PBXFileReference; fileEncoding = 4; lastKnownFileType = sourcecode.c.objc; path = "UIViewController+Prompt.m"; sourceTree = "<group>"; };
		3B5A59FB1D0184BE00105280 /* YYSearchBar.h */ = {isa = PBXFileReference; fileEncoding = 4; lastKnownFileType = sourcecode.c.h; path = YYSearchBar.h; sourceTree = "<group>"; };
		3B5A59FC1D0184BE00105280 /* YYSearchBar.m */ = {isa = PBXFileReference; fileEncoding = 4; lastKnownFileType = sourcecode.c.objc; path = YYSearchBar.m; sourceTree = "<group>"; };
		3B5A59FD1D0184BE00105280 /* ZKNavigationController.h */ = {isa = PBXFileReference; fileEncoding = 4; lastKnownFileType = sourcecode.c.h; path = ZKNavigationController.h; sourceTree = "<group>"; };
		3B5A59FE1D0184BE00105280 /* ZKNavigationController.m */ = {isa = PBXFileReference; fileEncoding = 4; lastKnownFileType = sourcecode.c.objc; path = ZKNavigationController.m; sourceTree = "<group>"; };
		3B5A5A031D0184BE00105280 /* ZKTextField.h */ = {isa = PBXFileReference; fileEncoding = 4; lastKnownFileType = sourcecode.c.h; path = ZKTextField.h; sourceTree = "<group>"; };
		3B5A5A041D0184BE00105280 /* ZKTextField.m */ = {isa = PBXFileReference; fileEncoding = 4; lastKnownFileType = sourcecode.c.objc; path = ZKTextField.m; sourceTree = "<group>"; };
		3B5A5A121D0184C700105280 /* UIBarButtonItem+YY.h */ = {isa = PBXFileReference; fileEncoding = 4; lastKnownFileType = sourcecode.c.h; path = "UIBarButtonItem+YY.h"; sourceTree = "<group>"; };
		3B5A5A131D0184C700105280 /* UIBarButtonItem+YY.m */ = {isa = PBXFileReference; fileEncoding = 4; lastKnownFileType = sourcecode.c.objc; path = "UIBarButtonItem+YY.m"; sourceTree = "<group>"; };
		3B5A5A141D0184C700105280 /* ZKCommonImagePickerController.h */ = {isa = PBXFileReference; fileEncoding = 4; lastKnownFileType = sourcecode.c.h; path = ZKCommonImagePickerController.h; sourceTree = "<group>"; };
		3B5A5A151D0184C700105280 /* ZKCommonImagePickerController.m */ = {isa = PBXFileReference; fileEncoding = 4; lastKnownFileType = sourcecode.c.objc; path = ZKCommonImagePickerController.m; sourceTree = "<group>"; };
		3B5A5A191D0184D000105280 /* UploadParam.h */ = {isa = PBXFileReference; fileEncoding = 4; lastKnownFileType = sourcecode.c.h; path = UploadParam.h; sourceTree = "<group>"; };
		3B5A5A1A1D0184D000105280 /* UploadParam.m */ = {isa = PBXFileReference; fileEncoding = 4; lastKnownFileType = sourcecode.c.objc; path = UploadParam.m; sourceTree = "<group>"; };
		3B5A5A1B1D0184D000105280 /* ZKHttp.h */ = {isa = PBXFileReference; fileEncoding = 4; lastKnownFileType = sourcecode.c.h; path = ZKHttp.h; sourceTree = "<group>"; };
		3B5A5A1C1D0184D000105280 /* ZKHttp.m */ = {isa = PBXFileReference; fileEncoding = 4; lastKnownFileType = sourcecode.c.objc; path = ZKHttp.m; sourceTree = "<group>"; };
		3B5A5A1D1D0184D000105280 /* ZKUtil.h */ = {isa = PBXFileReference; fileEncoding = 4; lastKnownFileType = sourcecode.c.h; path = ZKUtil.h; sourceTree = "<group>"; };
		3B5A5A1E1D0184D000105280 /* ZKUtil.m */ = {isa = PBXFileReference; fileEncoding = 4; lastKnownFileType = sourcecode.c.objc; path = ZKUtil.m; sourceTree = "<group>"; };
		3B5A5A2E1D01850800105280 /* HHLocationManger.h */ = {isa = PBXFileReference; fileEncoding = 4; lastKnownFileType = sourcecode.c.h; path = HHLocationManger.h; sourceTree = "<group>"; };
		3B5A5A2F1D01850800105280 /* HHLocationManger.m */ = {isa = PBXFileReference; fileEncoding = 4; lastKnownFileType = sourcecode.c.objc; path = HHLocationManger.m; sourceTree = "<group>"; };
		3B5A5A321D0189A700105280 /* WXLDefine.h */ = {isa = PBXFileReference; fileEncoding = 4; lastKnownFileType = sourcecode.c.h; path = WXLDefine.h; sourceTree = "<group>"; };
		3B5A5A331D0189A700105280 /* WXLDefine.m */ = {isa = PBXFileReference; fileEncoding = 4; lastKnownFileType = sourcecode.c.objc; path = WXLDefine.m; sourceTree = "<group>"; };
		3B5A5A341D0189A700105280 /* TLDefine.h */ = {isa = PBXFileReference; fileEncoding = 4; lastKnownFileType = sourcecode.c.h; path = TLDefine.h; sourceTree = "<group>"; };
		3B5A5A351D0189A700105280 /* TLDefine.m */ = {isa = PBXFileReference; fileEncoding = 4; lastKnownFileType = sourcecode.c.objc; path = TLDefine.m; sourceTree = "<group>"; };
		3B5A5A361D0189A700105280 /* PublicDefine.h */ = {isa = PBXFileReference; fileEncoding = 4; lastKnownFileType = sourcecode.c.h; path = PublicDefine.h; sourceTree = "<group>"; };
		3B5A5A371D0189A700105280 /* PublicDefine.m */ = {isa = PBXFileReference; fileEncoding = 4; lastKnownFileType = sourcecode.c.objc; path = PublicDefine.m; sourceTree = "<group>"; };
		3B5A5A3B1D018B5200105280 /* PrefixHeader.pch */ = {isa = PBXFileReference; fileEncoding = 4; lastKnownFileType = sourcecode.c.h; path = PrefixHeader.pch; sourceTree = "<group>"; };
		3B5A5A3D1D018BBF00105280 /* BaiduMobStat.h */ = {isa = PBXFileReference; fileEncoding = 4; lastKnownFileType = sourcecode.c.h; path = BaiduMobStat.h; sourceTree = "<group>"; };
		3B5A5A3E1D018BBF00105280 /* libBaiduMobStat.a */ = {isa = PBXFileReference; lastKnownFileType = archive.ar; path = libBaiduMobStat.a; sourceTree = "<group>"; };
		3B5E6D271D0CF3390096F9D7 /* ZKRobotStateTableViewCell.h */ = {isa = PBXFileReference; fileEncoding = 4; lastKnownFileType = sourcecode.c.h; path = ZKRobotStateTableViewCell.h; sourceTree = "<group>"; };
		3B5E6D281D0CF3390096F9D7 /* ZKRobotStateTableViewCell.m */ = {isa = PBXFileReference; fileEncoding = 4; lastKnownFileType = sourcecode.c.objc; path = ZKRobotStateTableViewCell.m; sourceTree = "<group>"; };
		3B61CC021D0E44E90022DDC7 /* main.storyboard */ = {isa = PBXFileReference; fileEncoding = 4; lastKnownFileType = file.storyboard; path = main.storyboard; sourceTree = "<group>"; };
		3B61CC041D0E4BA40022DDC7 /* ZKMainTabBarViewController.h */ = {isa = PBXFileReference; fileEncoding = 4; lastKnownFileType = sourcecode.c.h; path = ZKMainTabBarViewController.h; sourceTree = "<group>"; };
		3B61CC051D0E4BA40022DDC7 /* ZKMainTabBarViewController.m */ = {isa = PBXFileReference; fileEncoding = 4; lastKnownFileType = sourcecode.c.objc; path = ZKMainTabBarViewController.m; sourceTree = "<group>"; };
		3B61CC0A1D0E4C570022DDC7 /* ZKMainPalyCollectionViewController.h */ = {isa = PBXFileReference; fileEncoding = 4; lastKnownFileType = sourcecode.c.h; path = ZKMainPalyCollectionViewController.h; sourceTree = "<group>"; };
		3B61CC0B1D0E4C570022DDC7 /* ZKMainPalyCollectionViewController.m */ = {isa = PBXFileReference; fileEncoding = 4; lastKnownFileType = sourcecode.c.objc; path = ZKMainPalyCollectionViewController.m; sourceTree = "<group>"; };
		3B61CC101D0E4C9D0022DDC7 /* ZKMainMapViewController.h */ = {isa = PBXFileReference; fileEncoding = 4; lastKnownFileType = sourcecode.c.h; path = ZKMainMapViewController.h; sourceTree = "<group>"; };
		3B61CC111D0E4C9D0022DDC7 /* ZKMainMapViewController.m */ = {isa = PBXFileReference; fileEncoding = 4; lastKnownFileType = sourcecode.c.objc; path = ZKMainMapViewController.m; sourceTree = "<group>"; };
		3B61CC161D0E4F660022DDC7 /* ZKMainHomeTableViewController.h */ = {isa = PBXFileReference; fileEncoding = 4; lastKnownFileType = sourcecode.c.h; path = ZKMainHomeTableViewController.h; sourceTree = "<group>"; };
		3B61CC171D0E4F660022DDC7 /* ZKMainHomeTableViewController.m */ = {isa = PBXFileReference; fileEncoding = 4; lastKnownFileType = sourcecode.c.objc; path = ZKMainHomeTableViewController.m; sourceTree = "<group>"; };
		3B61CC191D0E4F8A0022DDC7 /* ZKMainSceneryTableViewController.h */ = {isa = PBXFileReference; fileEncoding = 4; lastKnownFileType = sourcecode.c.h; path = ZKMainSceneryTableViewController.h; sourceTree = "<group>"; };
		3B61CC1A1D0E4F8A0022DDC7 /* ZKMainSceneryTableViewController.m */ = {isa = PBXFileReference; fileEncoding = 4; lastKnownFileType = sourcecode.c.objc; path = ZKMainSceneryTableViewController.m; sourceTree = "<group>"; };
		3B61CC1C1D0E50970022DDC7 /* ZKMainMineTableViewController.h */ = {isa = PBXFileReference; fileEncoding = 4; lastKnownFileType = sourcecode.c.h; path = ZKMainMineTableViewController.h; sourceTree = "<group>"; };
		3B61CC1D1D0E50970022DDC7 /* ZKMainMineTableViewController.m */ = {isa = PBXFileReference; fileEncoding = 4; lastKnownFileType = sourcecode.c.objc; path = ZKMainMineTableViewController.m; sourceTree = "<group>"; };
		3B63F59A1D07BDA20087E974 /* ZKRobotLabelMode.h */ = {isa = PBXFileReference; fileEncoding = 4; lastKnownFileType = sourcecode.c.h; path = ZKRobotLabelMode.h; sourceTree = "<group>"; };
		3B63F59B1D07BDA20087E974 /* ZKRobotLabelMode.m */ = {isa = PBXFileReference; fileEncoding = 4; lastKnownFileType = sourcecode.c.objc; path = ZKRobotLabelMode.m; sourceTree = "<group>"; };
		3B63F59D1D07CC650087E974 /* ZKRobotTallyTableViewCell.h */ = {isa = PBXFileReference; fileEncoding = 4; lastKnownFileType = sourcecode.c.h; path = ZKRobotTallyTableViewCell.h; sourceTree = "<group>"; };
		3B63F59E1D07CC650087E974 /* ZKRobotTallyTableViewCell.m */ = {isa = PBXFileReference; fileEncoding = 4; lastKnownFileType = sourcecode.c.objc; path = ZKRobotTallyTableViewCell.m; sourceTree = "<group>"; };
		3B787A791D065EE7009997E9 /* ZKRobotDeployList.h */ = {isa = PBXFileReference; fileEncoding = 4; lastKnownFileType = sourcecode.c.h; path = ZKRobotDeployList.h; sourceTree = "<group>"; };
		3B787A7A1D065EE7009997E9 /* ZKRobotDeployList.m */ = {isa = PBXFileReference; fileEncoding = 4; lastKnownFileType = sourcecode.c.objc; path = ZKRobotDeployList.m; sourceTree = "<group>"; };
		3B787A7C1D066AC4009997E9 /* ZKRobotToolView.h */ = {isa = PBXFileReference; fileEncoding = 4; lastKnownFileType = sourcecode.c.h; path = ZKRobotToolView.h; sourceTree = "<group>"; };
		3B787A7D1D066AC4009997E9 /* ZKRobotToolView.m */ = {isa = PBXFileReference; fileEncoding = 4; lastKnownFileType = sourcecode.c.objc; path = ZKRobotToolView.m; sourceTree = "<group>"; };
		3B787A811D069219009997E9 /* ZKRobotTableViewCell.h */ = {isa = PBXFileReference; fileEncoding = 4; lastKnownFileType = sourcecode.c.h; path = ZKRobotTableViewCell.h; sourceTree = "<group>"; };
		3B787A821D069219009997E9 /* ZKRobotTableViewCell.m */ = {isa = PBXFileReference; fileEncoding = 4; lastKnownFileType = sourcecode.c.objc; path = ZKRobotTableViewCell.m; sourceTree = "<group>"; };
		3B787A841D06922E009997E9 /* ZKUserTableViewCell.h */ = {isa = PBXFileReference; fileEncoding = 4; lastKnownFileType = sourcecode.c.h; path = ZKUserTableViewCell.h; sourceTree = "<group>"; };
		3B787A851D06922E009997E9 /* ZKUserTableViewCell.m */ = {isa = PBXFileReference; fileEncoding = 4; lastKnownFileType = sourcecode.c.objc; path = ZKUserTableViewCell.m; sourceTree = "<group>"; };
		3B9D91F11D07E71D002196A1 /* DBMatrix.h */ = {isa = PBXFileReference; fileEncoding = 4; lastKnownFileType = sourcecode.c.h; path = DBMatrix.h; sourceTree = "<group>"; };
		3B9D91F21D07E71D002196A1 /* DBPoint.h */ = {isa = PBXFileReference; fileEncoding = 4; lastKnownFileType = sourcecode.c.h; path = DBPoint.h; sourceTree = "<group>"; };
		3B9D91F31D07E71D002196A1 /* DBSphereView.h */ = {isa = PBXFileReference; fileEncoding = 4; lastKnownFileType = sourcecode.c.h; path = DBSphereView.h; sourceTree = "<group>"; };
		3B9D91F41D07E71D002196A1 /* DBSphereView.m */ = {isa = PBXFileReference; fileEncoding = 4; lastKnownFileType = sourcecode.c.objc; path = DBSphereView.m; sourceTree = "<group>"; };
		3B9D91F71D07FA74002196A1 /* WXSpeechSynthesizerPlayer.h */ = {isa = PBXFileReference; fileEncoding = 4; lastKnownFileType = sourcecode.c.h; path = WXSpeechSynthesizerPlayer.h; sourceTree = "<group>"; };
		3B9D91F81D07FA74002196A1 /* WXSpeechSynthesizerPlayer.m */ = {isa = PBXFileReference; fileEncoding = 4; lastKnownFileType = sourcecode.c.objc; path = WXSpeechSynthesizerPlayer.m; sourceTree = "<group>"; };
		3BA21D401D0540CC0027B5CE /* ZKAdvertisementViewController.h */ = {isa = PBXFileReference; fileEncoding = 4; lastKnownFileType = sourcecode.c.h; path = ZKAdvertisementViewController.h; sourceTree = "<group>"; };
		3BA21D411D0540CC0027B5CE /* ZKAdvertisementViewController.m */ = {isa = PBXFileReference; fileEncoding = 4; lastKnownFileType = sourcecode.c.objc; path = ZKAdvertisementViewController.m; sourceTree = "<group>"; };
		3BA21D431D054F190027B5CE /* ZKBaseWebViewController.h */ = {isa = PBXFileReference; fileEncoding = 4; lastKnownFileType = sourcecode.c.h; path = ZKBaseWebViewController.h; sourceTree = "<group>"; };
		3BA21D441D054F190027B5CE /* ZKBaseWebViewController.m */ = {isa = PBXFileReference; fileEncoding = 4; lastKnownFileType = sourcecode.c.objc; path = ZKBaseWebViewController.m; sourceTree = "<group>"; };
		3BA21D461D055A8A0027B5CE /* ZKForbidNavigationController.h */ = {isa = PBXFileReference; fileEncoding = 4; lastKnownFileType = sourcecode.c.h; path = ZKForbidNavigationController.h; sourceTree = "<group>"; };
		3BA21D471D055A8A0027B5CE /* ZKForbidNavigationController.m */ = {isa = PBXFileReference; fileEncoding = 4; lastKnownFileType = sourcecode.c.objc; path = ZKForbidNavigationController.m; sourceTree = "<group>"; };
		3BA21D4D1D0562220027B5CE /* ZKRobotViewController.h */ = {isa = PBXFileReference; fileEncoding = 4; lastKnownFileType = sourcecode.c.h; path = ZKRobotViewController.h; sourceTree = "<group>"; };
		3BA21D4E1D0562220027B5CE /* ZKRobotViewController.mm */ = {isa = PBXFileReference; fileEncoding = 4; lastKnownFileType = sourcecode.cpp.objcpp; path = ZKRobotViewController.mm; sourceTree = "<group>"; };
		3BA21D581D05644E0027B5CE /* libmtaWXOsdk.a */ = {isa = PBXFileReference; lastKnownFileType = archive.ar; path = libmtaWXOsdk.a; sourceTree = "<group>"; };
		3BA21D591D05644E0027B5CE /* libWXVoiceSDK.a */ = {isa = PBXFileReference; lastKnownFileType = archive.ar; path = libWXVoiceSDK.a; sourceTree = "<group>"; };
		3BA21D5A1D05644E0027B5CE /* WXSpeechSynthesizer.h */ = {isa = PBXFileReference; fileEncoding = 4; lastKnownFileType = sourcecode.c.h; path = WXSpeechSynthesizer.h; sourceTree = "<group>"; };
		3BA21D5B1D05644E0027B5CE /* WXVoiceSDK.h */ = {isa = PBXFileReference; fileEncoding = 4; lastKnownFileType = sourcecode.c.h; path = WXVoiceSDK.h; sourceTree = "<group>"; };
		3BA21D5E1D05646B0027B5CE /* AudioToolbox.framework */ = {isa = PBXFileReference; lastKnownFileType = wrapper.framework; name = AudioToolbox.framework; path = System/Library/Frameworks/AudioToolbox.framework; sourceTree = SDKROOT; };
		3BA21D601D05647F0027B5CE /* AVFoundation.framework */ = {isa = PBXFileReference; lastKnownFileType = wrapper.framework; name = AVFoundation.framework; path = System/Library/Frameworks/AVFoundation.framework; sourceTree = SDKROOT; };
		3BA21D621D0564920027B5CE /* libz.tbd */ = {isa = PBXFileReference; lastKnownFileType = "sourcecode.text-based-dylib-definition"; name = libz.tbd; path = usr/lib/libz.tbd; sourceTree = SDKROOT; };
		3BA21D641D0564AF0027B5CE /* libsqlite3.tbd */ = {isa = PBXFileReference; lastKnownFileType = "sourcecode.text-based-dylib-definition"; name = libsqlite3.tbd; path = usr/lib/libsqlite3.tbd; sourceTree = SDKROOT; };
		3BA21D661D0565C20027B5CE /* libstdc++.6.0.9.tbd */ = {isa = PBXFileReference; lastKnownFileType = "sourcecode.text-based-dylib-definition"; name = "libstdc++.6.0.9.tbd"; path = "usr/lib/libstdc++.6.0.9.tbd"; sourceTree = SDKROOT; };
		3BA21D681D056B300027B5CE /* ZKRobotTableView.h */ = {isa = PBXFileReference; fileEncoding = 4; lastKnownFileType = sourcecode.c.h; path = ZKRobotTableView.h; sourceTree = "<group>"; };
		3BA21D691D056B300027B5CE /* ZKRobotTableView.m */ = {isa = PBXFileReference; fileEncoding = 4; lastKnownFileType = sourcecode.c.objc; path = ZKRobotTableView.m; sourceTree = "<group>"; };
		3BA21D6B1D056B8C0027B5CE /* ZKRobotTallyView.h */ = {isa = PBXFileReference; fileEncoding = 4; lastKnownFileType = sourcecode.c.h; path = ZKRobotTallyView.h; sourceTree = "<group>"; };
		3BA21D6C1D056B8C0027B5CE /* ZKRobotTallyView.m */ = {isa = PBXFileReference; fileEncoding = 4; lastKnownFileType = sourcecode.c.objc; path = ZKRobotTallyView.m; sourceTree = "<group>"; };
		3BA21D6E1D056BFE0027B5CE /* ZKRobotMode.h */ = {isa = PBXFileReference; fileEncoding = 4; lastKnownFileType = sourcecode.c.h; path = ZKRobotMode.h; sourceTree = "<group>"; };
		3BA21D6F1D056BFE0027B5CE /* ZKRobotMode.m */ = {isa = PBXFileReference; fileEncoding = 4; lastKnownFileType = sourcecode.c.objc; path = ZKRobotMode.m; sourceTree = "<group>"; };
		3BBF4F081D05133C00EB8DCF /* MJDIYBackFooter.h */ = {isa = PBXFileReference; fileEncoding = 4; lastKnownFileType = sourcecode.c.h; path = MJDIYBackFooter.h; sourceTree = "<group>"; };
		3BBF4F091D05133C00EB8DCF /* MJDIYBackFooter.m */ = {isa = PBXFileReference; fileEncoding = 4; lastKnownFileType = sourcecode.c.objc; path = MJDIYBackFooter.m; sourceTree = "<group>"; };
		3BBF4F0B1D05134B00EB8DCF /* MJDIYHeader.h */ = {isa = PBXFileReference; fileEncoding = 4; lastKnownFileType = sourcecode.c.h; path = MJDIYHeader.h; sourceTree = "<group>"; };
		3BBF4F0C1D05134B00EB8DCF /* MJDIYHeader.m */ = {isa = PBXFileReference; fileEncoding = 4; lastKnownFileType = sourcecode.c.objc; path = MJDIYHeader.m; sourceTree = "<group>"; };
		3BBF4F0E1D05149B00EB8DCF /* MJUpdateUI.h */ = {isa = PBXFileReference; fileEncoding = 4; lastKnownFileType = sourcecode.c.h; path = MJUpdateUI.h; sourceTree = "<group>"; };
		3BBF4F131D05156900EB8DCF /* ZKBaseTableView.h */ = {isa = PBXFileReference; fileEncoding = 4; lastKnownFileType = sourcecode.c.h; path = ZKBaseTableView.h; sourceTree = "<group>"; };
		3BBF4F141D05156900EB8DCF /* ZKBaseTableView.m */ = {isa = PBXFileReference; fileEncoding = 4; lastKnownFileType = sourcecode.c.objc; path = ZKBaseTableView.m; sourceTree = "<group>"; };
		A1DBFCEC1D02F5E30037700D /* JavaScriptCore.framework */ = {isa = PBXFileReference; lastKnownFileType = wrapper.framework; name = JavaScriptCore.framework; path = System/Library/Frameworks/JavaScriptCore.framework; sourceTree = SDKROOT; };
		A1DBFCEE1D02F5EB0037700D /* Security.framework */ = {isa = PBXFileReference; lastKnownFileType = wrapper.framework; name = Security.framework; path = System/Library/Frameworks/Security.framework; sourceTree = SDKROOT; };
		A1DBFCF01D02F5F50037700D /* CoreLocation.framework */ = {isa = PBXFileReference; lastKnownFileType = wrapper.framework; name = CoreLocation.framework; path = System/Library/Frameworks/CoreLocation.framework; sourceTree = SDKROOT; };
		A1DBFCF21D02F5FC0037700D /* SystemConfiguration.framework */ = {isa = PBXFileReference; lastKnownFileType = wrapper.framework; name = SystemConfiguration.framework; path = System/Library/Frameworks/SystemConfiguration.framework; sourceTree = SDKROOT; };
		A1DBFCF41D02F6060037700D /* CoreTelephony.framework */ = {isa = PBXFileReference; lastKnownFileType = wrapper.framework; name = CoreTelephony.framework; path = System/Library/Frameworks/CoreTelephony.framework; sourceTree = SDKROOT; };
		A1DBFCF61D02F60E0037700D /* CoreGraphics.framework */ = {isa = PBXFileReference; lastKnownFileType = wrapper.framework; name = CoreGraphics.framework; path = System/Library/Frameworks/CoreGraphics.framework; sourceTree = SDKROOT; };
		A1DBFCF81D02F61D0037700D /* libz.1.2.5.tbd */ = {isa = PBXFileReference; lastKnownFileType = "sourcecode.text-based-dylib-definition"; name = libz.1.2.5.tbd; path = usr/lib/libz.1.2.5.tbd; sourceTree = SDKROOT; };
		A1DBFCFA1D02F6390037700D /* libstdc++.tbd */ = {isa = PBXFileReference; lastKnownFileType = "sourcecode.text-based-dylib-definition"; name = "libstdc++.tbd"; path = "usr/lib/libstdc++.tbd"; sourceTree = SDKROOT; };
		A1DBFE021D03236C0037700D /* AFNetworking.framework */ = {isa = PBXFileReference; lastKnownFileType = wrapper.framework; name = AFNetworking.framework; path = "../../../Library/Developer/Xcode/DerivedData/cyPZH-cgbegnjyokdbkmeyjrbzxwwupeiw/Build/Products/Debug-iphonesimulator/AFNetworking.framework"; sourceTree = "<group>"; };
		A1E574C81D0458D5009E5507 /* UIView+ZKMasonry.h */ = {isa = PBXFileReference; fileEncoding = 4; lastKnownFileType = sourcecode.c.h; path = "UIView+ZKMasonry.h"; sourceTree = "<group>"; };
		A1E574C91D0458D5009E5507 /* UIView+ZKMasonry.m */ = {isa = PBXFileReference; fileEncoding = 4; lastKnownFileType = sourcecode.c.objc; path = "UIView+ZKMasonry.m"; sourceTree = "<group>"; };
		A1E574CC1D045D25009E5507 /* Singleton.h */ = {isa = PBXFileReference; fileEncoding = 4; lastKnownFileType = sourcecode.c.h; path = Singleton.h; sourceTree = "<group>"; };
		A1E574CD1D045D25009E5507 /* UserInfo.h */ = {isa = PBXFileReference; fileEncoding = 4; lastKnownFileType = sourcecode.c.h; path = UserInfo.h; sourceTree = "<group>"; };
		A1E574CE1D045D25009E5507 /* UserInfo.m */ = {isa = PBXFileReference; fileEncoding = 4; lastKnownFileType = sourcecode.c.objc; path = UserInfo.m; sourceTree = "<group>"; };
		A1E574D01D045D4F009E5507 /* ZKCache.h */ = {isa = PBXFileReference; fileEncoding = 4; lastKnownFileType = sourcecode.c.h; path = ZKCache.h; sourceTree = "<group>"; };
		A1E574D11D045D4F009E5507 /* ZKCache.m */ = {isa = PBXFileReference; fileEncoding = 4; lastKnownFileType = sourcecode.c.objc; path = ZKCache.m; sourceTree = "<group>"; };
		A1F967011D0423E700AF07EB /* iCarousel.h */ = {isa = PBXFileReference; fileEncoding = 4; lastKnownFileType = sourcecode.c.h; path = iCarousel.h; sourceTree = "<group>"; };
		A1F967021D0423E700AF07EB /* iCarousel.m */ = {isa = PBXFileReference; fileEncoding = 4; lastKnownFileType = sourcecode.c.objc; path = iCarousel.m; sourceTree = "<group>"; };
		E2659243C1836EFE4B5767EA /* Pods.release.xcconfig */ = {isa = PBXFileReference; includeInIndex = 1; lastKnownFileType = text.xcconfig; name = Pods.release.xcconfig; path = "Pods/Target Support Files/Pods/Pods.release.xcconfig"; sourceTree = "<group>"; };
/* End PBXFileReference section */

/* Begin PBXFrameworksBuildPhase section */
		3B5A599F1D01825800105280 /* Frameworks */ = {
			isa = PBXFrameworksBuildPhase;
			buildActionMask = 2147483647;
			files = (
				3BA21D671D0565C20027B5CE /* libstdc++.6.0.9.tbd in Frameworks */,
				3BA21D651D0564AF0027B5CE /* libsqlite3.tbd in Frameworks */,
				3BA21D631D0564920027B5CE /* libz.tbd in Frameworks */,
				3BA21D611D05647F0027B5CE /* AVFoundation.framework in Frameworks */,
				3BA21D5F1D05646B0027B5CE /* AudioToolbox.framework in Frameworks */,
				A1DBFCFB1D02F6390037700D /* libstdc++.tbd in Frameworks */,
				A1DBFCF91D02F61D0037700D /* libz.1.2.5.tbd in Frameworks */,
				A1DBFCF71D02F60E0037700D /* CoreGraphics.framework in Frameworks */,
				A1DBFCF51D02F6060037700D /* CoreTelephony.framework in Frameworks */,
				3BA21D5D1D05644E0027B5CE /* libWXVoiceSDK.a in Frameworks */,
				3BA21D5C1D05644E0027B5CE /* libmtaWXOsdk.a in Frameworks */,
				A1DBFCF31D02F5FC0037700D /* SystemConfiguration.framework in Frameworks */,
				A1DBFCF11D02F5F50037700D /* CoreLocation.framework in Frameworks */,
				A1DBFCEF1D02F5EB0037700D /* Security.framework in Frameworks */,
				A1DBFCED1D02F5E30037700D /* JavaScriptCore.framework in Frameworks */,
				3B5A5A3F1D018BBF00105280 /* libBaiduMobStat.a in Frameworks */,
				F4E1AB00E7A40DF3585DEA7E /* Pods.framework in Frameworks */,
			);
			runOnlyForDeploymentPostprocessing = 0;
		};
		3B5A59B81D01825800105280 /* Frameworks */ = {
			isa = PBXFrameworksBuildPhase;
			buildActionMask = 2147483647;
			files = (
			);
			runOnlyForDeploymentPostprocessing = 0;
		};
		3B5A59C31D01825800105280 /* Frameworks */ = {
			isa = PBXFrameworksBuildPhase;
			buildActionMask = 2147483647;
			files = (
			);
			runOnlyForDeploymentPostprocessing = 0;
		};
/* End PBXFrameworksBuildPhase section */

/* Begin PBXGroup section */
		18399C04E3E8CA532D51A5F7 /* Pods */ = {
			isa = PBXGroup;
			children = (
				05BEC5071EF2473BE33402D7 /* Pods.debug.xcconfig */,
				E2659243C1836EFE4B5767EA /* Pods.release.xcconfig */,
			);
			name = Pods;
			sourceTree = "<group>";
		};
		3B1020321D0D53AD005C0F68 /* 登录注册 */ = {
			isa = PBXGroup;
			children = (
				3B1020331D0D53BD005C0F68 /* ZKLoginViewController.h */,
				3B1020341D0D53BD005C0F68 /* ZKLoginViewController.m */,
				3B1020351D0D53BD005C0F68 /* ZKLoginViewController.xib */,
			);
			path = "登录注册";
			sourceTree = "<group>";
		};
		3B592AFD1D05297D00E2727E /* iconImage */ = {
			isa = PBXGroup;
			children = (
				3B592B041D05299E00E2727E /* LaunchImage-568h@2x.png */,
				3B592B051D05299E00E2727E /* LaunchImage.png */,
				3B592B061D05299E00E2727E /* LaunchImage@2x.png */,
				3B592AFE1D05298400E2727E /* icon_120x120.png */,
				3B592AFF1D05298400E2727E /* icon.png */,
				3B592B001D05298400E2727E /* icon@2x.png */,
			);
			path = iconImage;
			sourceTree = "<group>";
		};
		3B5A59991D01825800105280 = {
			isa = PBXGroup;
			children = (
				3B5A59A41D01825800105280 /* cyPZH */,
				3B5A59BE1D01825800105280 /* cyPZHTests */,
				3B5A59C91D01825800105280 /* cyPZHUITests */,
				3B5A59A31D01825800105280 /* Products */,
				18399C04E3E8CA532D51A5F7 /* Pods */,
				7301879AFDCCD2F299804437 /* Frameworks */,
			);
			sourceTree = "<group>";
		};
		3B5A59A31D01825800105280 /* Products */ = {
			isa = PBXGroup;
			children = (
				3B5A59A21D01825800105280 /* cyPZH.app */,
				3B5A59BB1D01825800105280 /* cyPZHTests.xctest */,
				3B5A59C61D01825800105280 /* cyPZHUITests.xctest */,
			);
			name = Products;
			sourceTree = "<group>";
		};
		3B5A59A41D01825800105280 /* cyPZH */ = {
			isa = PBXGroup;
			children = (
				3B5A59D91D0184A200105280 /* LIB库 */,
				3B5A59D81D01848E00105280 /* Tool */,
				3BA21D3B1D053D780027B5CE /* Classes */,
				3B5A59A81D01825800105280 /* AppDelegate.h */,
				3B5A59A91D01825800105280 /* AppDelegate.m */,
				3B5A59B11D01825800105280 /* Assets.xcassets */,
				3B5A59B61D01825800105280 /* Info.plist */,
				3B5A59A51D01825800105280 /* Supporting Files */,
			);
			path = cyPZH;
			sourceTree = "<group>";
		};
		3B5A59A51D01825800105280 /* Supporting Files */ = {
			isa = PBXGroup;
			children = (
				3B592AFD1D05297D00E2727E /* iconImage */,
				3B5A5A3B1D018B5200105280 /* PrefixHeader.pch */,
				3B5A5A321D0189A700105280 /* WXLDefine.h */,
				3B5A5A331D0189A700105280 /* WXLDefine.m */,
				3B5A5A341D0189A700105280 /* TLDefine.h */,
				3B5A5A351D0189A700105280 /* TLDefine.m */,
				3B5A5A361D0189A700105280 /* PublicDefine.h */,
				3B5A5A371D0189A700105280 /* PublicDefine.m */,
				3B5A59CC1D01825800105280 /* Info.plist */,
				3B5A59A61D01825800105280 /* main.m */,
			);
			name = "Supporting Files";
			sourceTree = "<group>";
		};
		3B5A59BE1D01825800105280 /* cyPZHTests */ = {
			isa = PBXGroup;
			children = (
				3B5A59BF1D01825800105280 /* cyPZHTests.m */,
				3B5A59C11D01825800105280 /* Info.plist */,
			);
			path = cyPZHTests;
			sourceTree = "<group>";
		};
		3B5A59C91D01825800105280 /* cyPZHUITests */ = {
			isa = PBXGroup;
			children = (
				3B5A59CA1D01825800105280 /* cyPZHUITests.m */,
			);
			path = cyPZHUITests;
			sourceTree = "<group>";
		};
		3B5A59D81D01848E00105280 /* Tool */ = {
			isa = PBXGroup;
			children = (
				3B9D91F61D07FA6D002196A1 /* 微信music */,
				3BBF4F121D05155200EB8DCF /* base */,
				3BBF4EF51D050D4C00EB8DCF /* mj_update */,
				A1E574CB1D045C94009E5507 /* 单类 */,
				A1E574BF1D0457DC009E5507 /* KtExtension */,
				A1F967001D0423D900AF07EB /* 有边滚动视图 */,
				A1F966F31D040D6600AF07EB /* mj_Loading */,
				3B5A5A2D1D01850800105280 /* HHLocationManger */,
				3B5A5A221D0184D400105280 /* ratingbar */,
				3B5A5A181D0184D000105280 /* MyTools */,
				3B5A5A111D0184C700105280 /* imagePoto */,
				3B5A59F81D0184BE00105280 /* 主要 */,
				3B5A59DA1D0184B200105280 /* 分类 */,
			);
			path = Tool;
			sourceTree = "<group>";
		};
		3B5A59D91D0184A200105280 /* LIB库 */ = {
			isa = PBXGroup;
			children = (
				3BA21D571D05644E0027B5CE /* 语言SDK */,
				3B5A5A3C1D018BBF00105280 /* BaiduMobStat */,
			);
			path = "LIB库";
			sourceTree = "<group>";
		};
		3B5A59DA1D0184B200105280 /* 分类 */ = {
			isa = PBXGroup;
			children = (
				3B5A59DB1D0184B200105280 /* Foundation+Log.m */,
				3B5A59DC1D0184B200105280 /* NSDictionary+FixedParams.h */,
				3B5A59DD1D0184B200105280 /* NSDictionary+FixedParams.m */,
				3B5A59DE1D0184B200105280 /* NSString+Regex.h */,
				3B5A59DF1D0184B200105280 /* NSString+Regex.m */,
				3B5A59E01D0184B200105280 /* UIBarButtonItem+Custom.h */,
				3B5A59E11D0184B200105280 /* UIBarButtonItem+Custom.m */,
				3B5A59E21D0184B200105280 /* UIImage+CircleImage.h */,
				3B5A59E31D0184B200105280 /* UIImage+CircleImage.m */,
				3B5A59E41D0184B200105280 /* UIImage+Strenching.h */,
				3B5A59E51D0184B200105280 /* UIImage+Strenching.m */,
				3B5A59E61D0184B200105280 /* UIImage+Thumbnail.h */,
				3B5A59E71D0184B200105280 /* UIImage+Thumbnail.m */,
				3B5A59E81D0184B200105280 /* UIImageView+ZKWebCache.h */,
				3B5A59E91D0184B200105280 /* UIImageView+ZKWebCache.m */,
				3B5A59EA1D0184B200105280 /* UIViewController+Prompt.h */,
				3B5A59EB1D0184B200105280 /* UIViewController+Prompt.m */,
			);
			path = "分类";
			sourceTree = "<group>";
		};
		3B5A59F81D0184BE00105280 /* 主要 */ = {
			isa = PBXGroup;
			children = (
				3B5A59FB1D0184BE00105280 /* YYSearchBar.h */,
				3B5A59FC1D0184BE00105280 /* YYSearchBar.m */,
				3BA21D461D055A8A0027B5CE /* ZKForbidNavigationController.h */,
				3BA21D471D055A8A0027B5CE /* ZKForbidNavigationController.m */,
				3B5A59FD1D0184BE00105280 /* ZKNavigationController.h */,
				3B5A59FE1D0184BE00105280 /* ZKNavigationController.m */,
				3B5A5A031D0184BE00105280 /* ZKTextField.h */,
				3B5A5A041D0184BE00105280 /* ZKTextField.m */,
			);
			path = "主要";
			sourceTree = "<group>";
		};
		3B5A5A111D0184C700105280 /* imagePoto */ = {
			isa = PBXGroup;
			children = (
				3B5A5A121D0184C700105280 /* UIBarButtonItem+YY.h */,
				3B5A5A131D0184C700105280 /* UIBarButtonItem+YY.m */,
				3B5A5A141D0184C700105280 /* ZKCommonImagePickerController.h */,
				3B5A5A151D0184C700105280 /* ZKCommonImagePickerController.m */,
			);
			path = imagePoto;
			sourceTree = "<group>";
		};
		3B5A5A181D0184D000105280 /* MyTools */ = {
			isa = PBXGroup;
			children = (
				3B5A5A191D0184D000105280 /* UploadParam.h */,
				3B5A5A1A1D0184D000105280 /* UploadParam.m */,
				3B5A5A1B1D0184D000105280 /* ZKHttp.h */,
				3B5A5A1C1D0184D000105280 /* ZKHttp.m */,
				3B5A5A1D1D0184D000105280 /* ZKUtil.h */,
				3B5A5A1E1D0184D000105280 /* ZKUtil.m */,
			);
			path = MyTools;
			sourceTree = "<group>";
		};
		3B5A5A221D0184D400105280 /* ratingbar */ = {
			isa = PBXGroup;
			children = (
			);
			path = ratingbar;
			sourceTree = "<group>";
		};
		3B5A5A2D1D01850800105280 /* HHLocationManger */ = {
			isa = PBXGroup;
			children = (
				3B5A5A2E1D01850800105280 /* HHLocationManger.h */,
				3B5A5A2F1D01850800105280 /* HHLocationManger.m */,
			);
			path = HHLocationManger;
			sourceTree = "<group>";
		};
		3B5A5A3C1D018BBF00105280 /* BaiduMobStat */ = {
			isa = PBXGroup;
			children = (
				3B5A5A3D1D018BBF00105280 /* BaiduMobStat.h */,
				3B5A5A3E1D018BBF00105280 /* libBaiduMobStat.a */,
			);
			path = BaiduMobStat;
			sourceTree = "<group>";
		};
		3B61CBFF1D0E44320022DDC7 /* 主控制器 */ = {
			isa = PBXGroup;
			children = (
				3B61CC411D0E81300022DDC7 /* 分页面 */,
				3B61CC011D0E44920022DDC7 /* storyboard */,
				3B61CC001D0E44550022DDC7 /* Controller */,
			);
			path = "主控制器";
			sourceTree = "<group>";
		};
		3B61CC001D0E44550022DDC7 /* Controller */ = {
			isa = PBXGroup;
			children = (
				3B61CC041D0E4BA40022DDC7 /* ZKMainTabBarViewController.h */,
				3B61CC051D0E4BA40022DDC7 /* ZKMainTabBarViewController.m */,
				3B61CC161D0E4F660022DDC7 /* ZKMainHomeTableViewController.h */,
				3B61CC171D0E4F660022DDC7 /* ZKMainHomeTableViewController.m */,
				3B61CC0A1D0E4C570022DDC7 /* ZKMainPalyCollectionViewController.h */,
				3B61CC0B1D0E4C570022DDC7 /* ZKMainPalyCollectionViewController.m */,
				3B61CC191D0E4F8A0022DDC7 /* ZKMainSceneryTableViewController.h */,
				3B61CC1A1D0E4F8A0022DDC7 /* ZKMainSceneryTableViewController.m */,
				3B61CC101D0E4C9D0022DDC7 /* ZKMainMapViewController.h */,
				3B61CC111D0E4C9D0022DDC7 /* ZKMainMapViewController.m */,
				3B61CC1C1D0E50970022DDC7 /* ZKMainMineTableViewController.h */,
				3B61CC1D1D0E50970022DDC7 /* ZKMainMineTableViewController.m */,
			);
			path = Controller;
			sourceTree = "<group>";
		};
		3B61CC011D0E44920022DDC7 /* storyboard */ = {
			isa = PBXGroup;
			children = (
				3B61CC021D0E44E90022DDC7 /* main.storyboard */,
			);
			path = storyboard;
			sourceTree = "<group>";
		};
		3B61CC3B1D0E80C60022DDC7 /* home */ = {
			isa = PBXGroup;
			children = (
				3B61CC451D0E81800022DDC7 /* controller */,
				3B61CC541D0E81C80022DDC7 /* cellView */,
				3B61CC4F1D0E81AE0022DDC7 /* mode */,
				3B61CC4A1D0E81970022DDC7 /* views */,
			);
			path = home;
			sourceTree = "<group>";
		};
		3B61CC3D1D0E80E50022DDC7 /* paly */ = {
			isa = PBXGroup;
			children = (
				3B61CC461D0E81840022DDC7 /* controller */,
				3B61CC551D0E81CF0022DDC7 /* cellView */,
				3B61CC501D0E81B10022DDC7 /* mode */,
				3B61CC4B1D0E819A0022DDC7 /* views */,
			);
			path = paly;
			sourceTree = "<group>";
		};
		3B61CC3E1D0E80FB0022DDC7 /* scenery */ = {
			isa = PBXGroup;
			children = (
				3B61CC441D0E817D0022DDC7 /* controller */,
				3B61CC531D0E81C50022DDC7 /* cellView */,
				3B61CC4E1D0E81AB0022DDC7 /* mode */,
				3B61CC491D0E81940022DDC7 /* views */,
			);
			path = scenery;
			sourceTree = "<group>";
		};
		3B61CC3F1D0E81070022DDC7 /* map */ = {
			isa = PBXGroup;
			children = (
				3B61CC431D0E817A0022DDC7 /* controller */,
				3B61CC521D0E81C20022DDC7 /* cellView */,
				3B61CC4D1D0E81A90022DDC7 /* mode */,
				3B61CC481D0E81910022DDC7 /* views */,
			);
			path = map;
			sourceTree = "<group>";
		};
		3B61CC401D0E81130022DDC7 /* mine */ = {
			isa = PBXGroup;
			children = (
				3B61CC421D0E81760022DDC7 /* controller */,
				3B61CC511D0E81BF0022DDC7 /* cellView */,
				3B61CC4C1D0E81A50022DDC7 /* mode */,
				3B61CC471D0E818F0022DDC7 /* views */,
			);
			path = mine;
			sourceTree = "<group>";
		};
		3B61CC411D0E81300022DDC7 /* 分页面 */ = {
			isa = PBXGroup;
			children = (
				3B61CC401D0E81130022DDC7 /* mine */,
				3B61CC3F1D0E81070022DDC7 /* map */,
				3B61CC3E1D0E80FB0022DDC7 /* scenery */,
				3B61CC3B1D0E80C60022DDC7 /* home */,
				3B61CC3D1D0E80E50022DDC7 /* paly */,
			);
			name = "分页面";
			sourceTree = "<group>";
		};
		3B61CC421D0E81760022DDC7 /* controller */ = {
			isa = PBXGroup;
			children = (
			);
			path = controller;
			sourceTree = "<group>";
		};
		3B61CC431D0E817A0022DDC7 /* controller */ = {
			isa = PBXGroup;
			children = (
			);
			path = controller;
			sourceTree = "<group>";
		};
		3B61CC441D0E817D0022DDC7 /* controller */ = {
			isa = PBXGroup;
			children = (
			);
			path = controller;
			sourceTree = "<group>";
		};
		3B61CC451D0E81800022DDC7 /* controller */ = {
			isa = PBXGroup;
			children = (
			);
			path = controller;
			sourceTree = "<group>";
		};
		3B61CC461D0E81840022DDC7 /* controller */ = {
			isa = PBXGroup;
			children = (
			);
			path = controller;
			sourceTree = "<group>";
		};
		3B61CC471D0E818F0022DDC7 /* views */ = {
			isa = PBXGroup;
			children = (
			);
			path = views;
			sourceTree = "<group>";
		};
		3B61CC481D0E81910022DDC7 /* views */ = {
			isa = PBXGroup;
			children = (
			);
			path = views;
			sourceTree = "<group>";
		};
		3B61CC491D0E81940022DDC7 /* views */ = {
			isa = PBXGroup;
			children = (
			);
			path = views;
			sourceTree = "<group>";
		};
		3B61CC4A1D0E81970022DDC7 /* views */ = {
			isa = PBXGroup;
			children = (
			);
			path = views;
			sourceTree = "<group>";
		};
		3B61CC4B1D0E819A0022DDC7 /* views */ = {
			isa = PBXGroup;
			children = (
			);
			path = views;
			sourceTree = "<group>";
		};
		3B61CC4C1D0E81A50022DDC7 /* mode */ = {
			isa = PBXGroup;
			children = (
			);
			path = mode;
			sourceTree = "<group>";
		};
		3B61CC4D1D0E81A90022DDC7 /* mode */ = {
			isa = PBXGroup;
			children = (
			);
			path = mode;
			sourceTree = "<group>";
		};
		3B61CC4E1D0E81AB0022DDC7 /* mode */ = {
			isa = PBXGroup;
			children = (
			);
			path = mode;
			sourceTree = "<group>";
		};
		3B61CC4F1D0E81AE0022DDC7 /* mode */ = {
			isa = PBXGroup;
			children = (
			);
			path = mode;
			sourceTree = "<group>";
		};
		3B61CC501D0E81B10022DDC7 /* mode */ = {
			isa = PBXGroup;
			children = (
			);
			path = mode;
			sourceTree = "<group>";
		};
		3B61CC511D0E81BF0022DDC7 /* cellView */ = {
			isa = PBXGroup;
			children = (
			);
			path = cellView;
			sourceTree = "<group>";
		};
		3B61CC521D0E81C20022DDC7 /* cellView */ = {
			isa = PBXGroup;
			children = (
			);
			path = cellView;
			sourceTree = "<group>";
		};
		3B61CC531D0E81C50022DDC7 /* cellView */ = {
			isa = PBXGroup;
			children = (
			);
			path = cellView;
			sourceTree = "<group>";
		};
		3B61CC541D0E81C80022DDC7 /* cellView */ = {
			isa = PBXGroup;
			children = (
			);
			path = cellView;
			sourceTree = "<group>";
		};
		3B61CC551D0E81CF0022DDC7 /* cellView */ = {
			isa = PBXGroup;
			children = (
			);
			path = cellView;
			sourceTree = "<group>";
		};
		3B9D91F01D07E71D002196A1 /* DBSphereTagCloud */ = {
			isa = PBXGroup;
			children = (
				3B9D91F11D07E71D002196A1 /* DBMatrix.h */,
				3B9D91F21D07E71D002196A1 /* DBPoint.h */,
				3B9D91F31D07E71D002196A1 /* DBSphereView.h */,
				3B9D91F41D07E71D002196A1 /* DBSphereView.m */,
			);
			path = DBSphereTagCloud;
			sourceTree = "<group>";
		};
		3B9D91F61D07FA6D002196A1 /* 微信music */ = {
			isa = PBXGroup;
			children = (
				3B9D91F71D07FA74002196A1 /* WXSpeechSynthesizerPlayer.h */,
				3B9D91F81D07FA74002196A1 /* WXSpeechSynthesizerPlayer.m */,
			);
			path = "微信music";
			sourceTree = "<group>";
		};
		3BA21D3B1D053D780027B5CE /* Classes */ = {
			isa = PBXGroup;
			children = (
				3B61CBFF1D0E44320022DDC7 /* 主控制器 */,
				3B1020321D0D53AD005C0F68 /* 登录注册 */,
				3BA21D491D055B9C0027B5CE /* 机器人 */,
				3BA21D3C1D053F1A0027B5CE /* 广告 */,
			);
			path = Classes;
			sourceTree = "<group>";
		};
		3BA21D3C1D053F1A0027B5CE /* 广告 */ = {
			isa = PBXGroup;
			children = (
				3BA21D401D0540CC0027B5CE /* ZKAdvertisementViewController.h */,
				3BA21D411D0540CC0027B5CE /* ZKAdvertisementViewController.m */,
			);
			path = "广告";
			sourceTree = "<group>";
		};
		3BA21D491D055B9C0027B5CE /* 机器人 */ = {
			isa = PBXGroup;
			children = (
				3BA21D4A1D055BB10027B5CE /* Controller */,
				3BA21D4C1D055BBD0027B5CE /* views */,
				3BA21D4B1D055BB60027B5CE /* mode */,
			);
			path = "机器人";
			sourceTree = "<group>";
		};
		3BA21D4A1D055BB10027B5CE /* Controller */ = {
			isa = PBXGroup;
			children = (
				3BA21D4D1D0562220027B5CE /* ZKRobotViewController.h */,
				3BA21D4E1D0562220027B5CE /* ZKRobotViewController.mm */,
			);
			path = Controller;
			sourceTree = "<group>";
		};
		3BA21D4B1D055BB60027B5CE /* mode */ = {
			isa = PBXGroup;
			children = (
				3BA21D6E1D056BFE0027B5CE /* ZKRobotMode.h */,
				3BA21D6F1D056BFE0027B5CE /* ZKRobotMode.m */,
				3B787A791D065EE7009997E9 /* ZKRobotDeployList.h */,
				3B787A7A1D065EE7009997E9 /* ZKRobotDeployList.m */,
				3B63F59A1D07BDA20087E974 /* ZKRobotLabelMode.h */,
				3B63F59B1D07BDA20087E974 /* ZKRobotLabelMode.m */,
			);
			path = mode;
			sourceTree = "<group>";
		};
		3BA21D4C1D055BBD0027B5CE /* views */ = {
			isa = PBXGroup;
			children = (
				3B9D91F01D07E71D002196A1 /* DBSphereTagCloud */,
				3BA21D711D056C940027B5CE /* cell */,
				3BA21D681D056B300027B5CE /* ZKRobotTableView.h */,
				3BA21D691D056B300027B5CE /* ZKRobotTableView.m */,
				3BA21D6B1D056B8C0027B5CE /* ZKRobotTallyView.h */,
				3BA21D6C1D056B8C0027B5CE /* ZKRobotTallyView.m */,
				3B787A7C1D066AC4009997E9 /* ZKRobotToolView.h */,
				3B787A7D1D066AC4009997E9 /* ZKRobotToolView.m */,
			);
			path = views;
			sourceTree = "<group>";
		};
		3BA21D571D05644E0027B5CE /* 语言SDK */ = {
			isa = PBXGroup;
			children = (
				3BA21D581D05644E0027B5CE /* libmtaWXOsdk.a */,
				3BA21D591D05644E0027B5CE /* libWXVoiceSDK.a */,
				3BA21D5A1D05644E0027B5CE /* WXSpeechSynthesizer.h */,
				3BA21D5B1D05644E0027B5CE /* WXVoiceSDK.h */,
			);
			path = "语言SDK";
			sourceTree = "<group>";
		};
		3BA21D711D056C940027B5CE /* cell */ = {
			isa = PBXGroup;
			children = (
				3B787A811D069219009997E9 /* ZKRobotTableViewCell.h */,
				3B787A821D069219009997E9 /* ZKRobotTableViewCell.m */,
				3B5E6D271D0CF3390096F9D7 /* ZKRobotStateTableViewCell.h */,
				3B5E6D281D0CF3390096F9D7 /* ZKRobotStateTableViewCell.m */,
				3B787A841D06922E009997E9 /* ZKUserTableViewCell.h */,
				3B787A851D06922E009997E9 /* ZKUserTableViewCell.m */,
				3B63F59D1D07CC650087E974 /* ZKRobotTallyTableViewCell.h */,
				3B63F59E1D07CC650087E974 /* ZKRobotTallyTableViewCell.m */,
			);
			path = cell;
			sourceTree = "<group>";
		};
		3BBF4EF51D050D4C00EB8DCF /* mj_update */ = {
			isa = PBXGroup;
			children = (
				3BBF4F0E1D05149B00EB8DCF /* MJUpdateUI.h */,
				3BBF4F081D05133C00EB8DCF /* MJDIYBackFooter.h */,
				3BBF4F091D05133C00EB8DCF /* MJDIYBackFooter.m */,
				3BBF4F0B1D05134B00EB8DCF /* MJDIYHeader.h */,
				3BBF4F0C1D05134B00EB8DCF /* MJDIYHeader.m */,
			);
			path = mj_update;
			sourceTree = "<group>";
		};
		3BBF4F121D05155200EB8DCF /* base */ = {
			isa = PBXGroup;
			children = (
				3B592AFA1D05190300E2727E /* ZKErrorView.h */,
				3B592AFB1D05190300E2727E /* ZKErrorView.m */,
				3BBF4F131D05156900EB8DCF /* ZKBaseTableView.h */,
				3BBF4F141D05156900EB8DCF /* ZKBaseTableView.m */,
				3B592AEE1D0516C800E2727E /* ZKBaseViewController.h */,
				3B592AEF1D0516C800E2727E /* ZKBaseViewController.m */,
				3B592AF71D0517EE00E2727E /* ZKTableViewBaseController.h */,
				3B592AF81D0517EE00E2727E /* ZKTableViewBaseController.m */,
				3B592AF41D0517A800E2727E /* ZKTabelViewController.h */,
				3B592AF51D0517A800E2727E /* ZKTabelViewController.m */,
				3BA21D431D054F190027B5CE /* ZKBaseWebViewController.h */,
				3BA21D441D054F190027B5CE /* ZKBaseWebViewController.m */,
			);
			path = base;
			sourceTree = "<group>";
		};
		7301879AFDCCD2F299804437 /* Frameworks */ = {
			isa = PBXGroup;
			children = (
				3BA21D661D0565C20027B5CE /* libstdc++.6.0.9.tbd */,
				3BA21D641D0564AF0027B5CE /* libsqlite3.tbd */,
				3BA21D621D0564920027B5CE /* libz.tbd */,
				3BA21D601D05647F0027B5CE /* AVFoundation.framework */,
				3BA21D5E1D05646B0027B5CE /* AudioToolbox.framework */,
				A1DBFE021D03236C0037700D /* AFNetworking.framework */,
				A1DBFCFA1D02F6390037700D /* libstdc++.tbd */,
				A1DBFCF81D02F61D0037700D /* libz.1.2.5.tbd */,
				A1DBFCF61D02F60E0037700D /* CoreGraphics.framework */,
				A1DBFCF41D02F6060037700D /* CoreTelephony.framework */,
				A1DBFCF21D02F5FC0037700D /* SystemConfiguration.framework */,
				A1DBFCF01D02F5F50037700D /* CoreLocation.framework */,
				A1DBFCEE1D02F5EB0037700D /* Security.framework */,
				A1DBFCEC1D02F5E30037700D /* JavaScriptCore.framework */,
				134064B43C42BA3C611EA947 /* Pods.framework */,
			);
			name = Frameworks;
			sourceTree = "<group>";
		};
		A1E574BF1D0457DC009E5507 /* KtExtension */ = {
			isa = PBXGroup;
			children = (
				A1E574C81D0458D5009E5507 /* UIView+ZKMasonry.h */,
				A1E574C91D0458D5009E5507 /* UIView+ZKMasonry.m */,
			);
			path = KtExtension;
			sourceTree = "<group>";
		};
		A1E574CB1D045C94009E5507 /* 单类 */ = {
			isa = PBXGroup;
			children = (
				A1E574CC1D045D25009E5507 /* Singleton.h */,
				A1E574CD1D045D25009E5507 /* UserInfo.h */,
				A1E574CE1D045D25009E5507 /* UserInfo.m */,
				A1E574D01D045D4F009E5507 /* ZKCache.h */,
				A1E574D11D045D4F009E5507 /* ZKCache.m */,
			);
			path = "单类";
			sourceTree = "<group>";
		};
		A1F966F31D040D6600AF07EB /* mj_Loading */ = {
			isa = PBXGroup;
			children = (
			);
			path = mj_Loading;
			sourceTree = "<group>";
		};
		A1F967001D0423D900AF07EB /* 有边滚动视图 */ = {
			isa = PBXGroup;
			children = (
				A1F967011D0423E700AF07EB /* iCarousel.h */,
				A1F967021D0423E700AF07EB /* iCarousel.m */,
			);
			path = "有边滚动视图";
			sourceTree = "<group>";
		};
/* End PBXGroup section */

/* Begin PBXNativeTarget section */
		3B5A59A11D01825800105280 /* cyPZH */ = {
			isa = PBXNativeTarget;
			buildConfigurationList = 3B5A59CF1D01825800105280 /* Build configuration list for PBXNativeTarget "cyPZH" */;
			buildPhases = (
				6462AC044B58AAA60CF6C044 /* Check Pods Manifest.lock */,
				3B5A599E1D01825800105280 /* Sources */,
				3B5A599F1D01825800105280 /* Frameworks */,
				3B5A59A01D01825800105280 /* Resources */,
				B3385BC4D8BCBAEAACD66436 /* Embed Pods Frameworks */,
				101FE7812F81F7FF3638EA48 /* Copy Pods Resources */,
			);
			buildRules = (
			);
			dependencies = (
			);
			name = cyPZH;
			productName = cyPZH;
			productReference = 3B5A59A21D01825800105280 /* cyPZH.app */;
			productType = "com.apple.product-type.application";
		};
		3B5A59BA1D01825800105280 /* cyPZHTests */ = {
			isa = PBXNativeTarget;
			buildConfigurationList = 3B5A59D21D01825800105280 /* Build configuration list for PBXNativeTarget "cyPZHTests" */;
			buildPhases = (
				3B5A59B71D01825800105280 /* Sources */,
				3B5A59B81D01825800105280 /* Frameworks */,
				3B5A59B91D01825800105280 /* Resources */,
			);
			buildRules = (
			);
			dependencies = (
				3B5A59BD1D01825800105280 /* PBXTargetDependency */,
			);
			name = cyPZHTests;
			productName = cyPZHTests;
			productReference = 3B5A59BB1D01825800105280 /* cyPZHTests.xctest */;
			productType = "com.apple.product-type.bundle.unit-test";
		};
		3B5A59C51D01825800105280 /* cyPZHUITests */ = {
			isa = PBXNativeTarget;
			buildConfigurationList = 3B5A59D51D01825800105280 /* Build configuration list for PBXNativeTarget "cyPZHUITests" */;
			buildPhases = (
				3B5A59C21D01825800105280 /* Sources */,
				3B5A59C31D01825800105280 /* Frameworks */,
				3B5A59C41D01825800105280 /* Resources */,
			);
			buildRules = (
			);
			dependencies = (
				3B5A59C81D01825800105280 /* PBXTargetDependency */,
			);
			name = cyPZHUITests;
			productName = cyPZHUITests;
			productReference = 3B5A59C61D01825800105280 /* cyPZHUITests.xctest */;
			productType = "com.apple.product-type.bundle.ui-testing";
		};
/* End PBXNativeTarget section */

/* Begin PBXProject section */
		3B5A599A1D01825800105280 /* Project object */ = {
			isa = PBXProject;
			attributes = {
				LastUpgradeCheck = 0730;
				ORGANIZATIONNAME = "王小腊";
				TargetAttributes = {
					3B5A59A11D01825800105280 = {
						CreatedOnToolsVersion = 7.3.1;
					};
					3B5A59BA1D01825800105280 = {
						CreatedOnToolsVersion = 7.3.1;
						TestTargetID = 3B5A59A11D01825800105280;
					};
					3B5A59C51D01825800105280 = {
						CreatedOnToolsVersion = 7.3.1;
						TestTargetID = 3B5A59A11D01825800105280;
					};
				};
			};
			buildConfigurationList = 3B5A599D1D01825800105280 /* Build configuration list for PBXProject "cyPZH" */;
			compatibilityVersion = "Xcode 3.2";
			developmentRegion = English;
			hasScannedForEncodings = 0;
			knownRegions = (
				en,
				Base,
			);
			mainGroup = 3B5A59991D01825800105280;
			productRefGroup = 3B5A59A31D01825800105280 /* Products */;
			projectDirPath = "";
			projectRoot = "";
			targets = (
				3B5A59A11D01825800105280 /* cyPZH */,
				3B5A59BA1D01825800105280 /* cyPZHTests */,
				3B5A59C51D01825800105280 /* cyPZHUITests */,
			);
		};
/* End PBXProject section */

/* Begin PBXResourcesBuildPhase section */
		3B5A59A01D01825800105280 /* Resources */ = {
			isa = PBXResourcesBuildPhase;
			buildActionMask = 2147483647;
			files = (
				3B592B091D05299E00E2727E /* LaunchImage@2x.png in Resources */,
				3B592B021D05298400E2727E /* icon.png in Resources */,
				3B5A59B21D01825800105280 /* Assets.xcassets in Resources */,
				3B592B011D05298400E2727E /* icon_120x120.png in Resources */,
				3B592B081D05299E00E2727E /* LaunchImage.png in Resources */,
				3B592B031D05298400E2727E /* icon@2x.png in Resources */,
				3B592B071D05299E00E2727E /* LaunchImage-568h@2x.png in Resources */,
				3B61CC031D0E44E90022DDC7 /* main.storyboard in Resources */,
				3B1020371D0D53BD005C0F68 /* ZKLoginViewController.xib in Resources */,
			);
			runOnlyForDeploymentPostprocessing = 0;
		};
		3B5A59B91D01825800105280 /* Resources */ = {
			isa = PBXResourcesBuildPhase;
			buildActionMask = 2147483647;
			files = (
			);
			runOnlyForDeploymentPostprocessing = 0;
		};
		3B5A59C41D01825800105280 /* Resources */ = {
			isa = PBXResourcesBuildPhase;
			buildActionMask = 2147483647;
			files = (
			);
			runOnlyForDeploymentPostprocessing = 0;
		};
/* End PBXResourcesBuildPhase section */

/* Begin PBXShellScriptBuildPhase section */
		101FE7812F81F7FF3638EA48 /* Copy Pods Resources */ = {
			isa = PBXShellScriptBuildPhase;
			buildActionMask = 2147483647;
			files = (
			);
			inputPaths = (
			);
			name = "Copy Pods Resources";
			outputPaths = (
			);
			runOnlyForDeploymentPostprocessing = 0;
			shellPath = /bin/sh;
			shellScript = "\"${SRCROOT}/Pods/Target Support Files/Pods/Pods-resources.sh\"\n";
			showEnvVarsInLog = 0;
		};
		6462AC044B58AAA60CF6C044 /* Check Pods Manifest.lock */ = {
			isa = PBXShellScriptBuildPhase;
			buildActionMask = 2147483647;
			files = (
			);
			inputPaths = (
			);
			name = "Check Pods Manifest.lock";
			outputPaths = (
			);
			runOnlyForDeploymentPostprocessing = 0;
			shellPath = /bin/sh;
			shellScript = "diff \"${PODS_ROOT}/../Podfile.lock\" \"${PODS_ROOT}/Manifest.lock\" > /dev/null\nif [[ $? != 0 ]] ; then\n    cat << EOM\nerror: The sandbox is not in sync with the Podfile.lock. Run 'pod install' or update your CocoaPods installation.\nEOM\n    exit 1\nfi\n";
			showEnvVarsInLog = 0;
		};
		B3385BC4D8BCBAEAACD66436 /* Embed Pods Frameworks */ = {
			isa = PBXShellScriptBuildPhase;
			buildActionMask = 2147483647;
			files = (
			);
			inputPaths = (
			);
			name = "Embed Pods Frameworks";
			outputPaths = (
			);
			runOnlyForDeploymentPostprocessing = 0;
			shellPath = /bin/sh;
			shellScript = "\"${SRCROOT}/Pods/Target Support Files/Pods/Pods-frameworks.sh\"\n";
			showEnvVarsInLog = 0;
		};
/* End PBXShellScriptBuildPhase section */

/* Begin PBXSourcesBuildPhase section */
		3B5A599E1D01825800105280 /* Sources */ = {
			isa = PBXSourcesBuildPhase;
			buildActionMask = 2147483647;
			files = (
				3B5A59EF1D0184B200105280 /* NSDictionary+FixedParams.m in Sources */,
				3BA21D421D0540CC0027B5CE /* ZKAdvertisementViewController.m in Sources */,
				3BA21D451D054F190027B5CE /* ZKBaseWebViewController.m in Sources */,
				3B5E6D291D0CF3390096F9D7 /* ZKRobotStateTableViewCell.m in Sources */,
				3B5A59F21D0184B200105280 /* UIImage+CircleImage.m in Sources */,
				3B61CC1E1D0E50970022DDC7 /* ZKMainMineTableViewController.m in Sources */,
				3B5A59F41D0184B200105280 /* UIImage+Thumbnail.m in Sources */,
				3B592AFC1D05190300E2727E /* ZKErrorView.m in Sources */,
				A1F967031D0423E700AF07EB /* iCarousel.m in Sources */,
				3B5A5A301D01850800105280 /* HHLocationManger.m in Sources */,
				3BA21D701D056BFE0027B5CE /* ZKRobotMode.m in Sources */,
				3B592AF91D0517EE00E2727E /* ZKTableViewBaseController.m in Sources */,
				3B5A59F01D0184B200105280 /* NSString+Regex.m in Sources */,
				3B787A831D069219009997E9 /* ZKRobotTableViewCell.m in Sources */,
				3B5A5A211D0184D000105280 /* ZKUtil.m in Sources */,
				3B5A5A1F1D0184D000105280 /* UploadParam.m in Sources */,
				A1E574D21D045D4F009E5507 /* ZKCache.m in Sources */,
				3B61CC0C1D0E4C570022DDC7 /* ZKMainPalyCollectionViewController.m in Sources */,
				3B61CC061D0E4BA40022DDC7 /* ZKMainTabBarViewController.m in Sources */,
				3B592AF61D0517A800E2727E /* ZKTabelViewController.m in Sources */,
				3BA21D481D055A8A0027B5CE /* ZKForbidNavigationController.m in Sources */,
				3BA21D6D1D056B8C0027B5CE /* ZKRobotTallyView.m in Sources */,
				3B1020361D0D53BD005C0F68 /* ZKLoginViewController.m in Sources */,
				3B5A5A0E1D0184BE00105280 /* ZKTextField.m in Sources */,
				3B5A5A201D0184D000105280 /* ZKHttp.m in Sources */,
				3B61CC1B1D0E4F8A0022DDC7 /* ZKMainSceneryTableViewController.m in Sources */,
				3B592AF01D0516C800E2727E /* ZKBaseViewController.m in Sources */,
				3B5A59F51D0184B200105280 /* UIImageView+ZKWebCache.m in Sources */,
				3BA21D6A1D056B300027B5CE /* ZKRobotTableView.m in Sources */,
				3B5A5A171D0184C700105280 /* ZKCommonImagePickerController.m in Sources */,
				3B5A59F11D0184B200105280 /* UIBarButtonItem+Custom.m in Sources */,
				3BA21D4F1D0562220027B5CE /* ZKRobotViewController.mm in Sources */,
				3B63F59F1D07CC650087E974 /* ZKRobotTallyTableViewCell.m in Sources */,
				3BBF4F0D1D05134B00EB8DCF /* MJDIYHeader.m in Sources */,
				3B5A59F31D0184B200105280 /* UIImage+Strenching.m in Sources */,
				3B5A5A381D0189A700105280 /* WXLDefine.m in Sources */,
				3B5A5A391D0189A700105280 /* TLDefine.m in Sources */,
				3B5A5A3A1D0189A700105280 /* PublicDefine.m in Sources */,
				3B5A59AA1D01825800105280 /* AppDelegate.m in Sources */,
				3B9D91F51D07E71D002196A1 /* DBSphereView.m in Sources */,
				3B5A59A71D01825800105280 /* main.m in Sources */,
				3B63F59C1D07BDA20087E974 /* ZKRobotLabelMode.m in Sources */,
				3BBF4F0A1D05133C00EB8DCF /* MJDIYBackFooter.m in Sources */,
				3B5A59F61D0184B200105280 /* UIViewController+Prompt.m in Sources */,
				A1E574CF1D045D25009E5507 /* UserInfo.m in Sources */,
				3B61CC121D0E4C9D0022DDC7 /* ZKMainMapViewController.m in Sources */,
				3B5A5A161D0184C700105280 /* UIBarButtonItem+YY.m in Sources */,
				3B61CC181D0E4F660022DDC7 /* ZKMainHomeTableViewController.m in Sources */,
				3BBF4F171D05156900EB8DCF /* ZKBaseTableView.m in Sources */,
				3B5A59EE1D0184B200105280 /* Foundation+Log.m in Sources */,
				3B787A861D06922E009997E9 /* ZKUserTableViewCell.m in Sources */,
				A1E574CA1D0458D5009E5507 /* UIView+ZKMasonry.m in Sources */,
				3B787A7B1D065EE7009997E9 /* ZKRobotDeployList.m in Sources */,
				3B9D91F91D07FA74002196A1 /* WXSpeechSynthesizerPlayer.m in Sources */,
				3B787A7E1D066AC4009997E9 /* ZKRobotToolView.m in Sources */,
				3B5A5A0B1D0184BE00105280 /* ZKNavigationController.m in Sources */,
				3B5A5A0A1D0184BE00105280 /* YYSearchBar.m in Sources */,
			);
			runOnlyForDeploymentPostprocessing = 0;
		};
		3B5A59B71D01825800105280 /* Sources */ = {
			isa = PBXSourcesBuildPhase;
			buildActionMask = 2147483647;
			files = (
				3B5A59C01D01825800105280 /* cyPZHTests.m in Sources */,
			);
			runOnlyForDeploymentPostprocessing = 0;
		};
		3B5A59C21D01825800105280 /* Sources */ = {
			isa = PBXSourcesBuildPhase;
			buildActionMask = 2147483647;
			files = (
				3B5A59CB1D01825800105280 /* cyPZHUITests.m in Sources */,
			);
			runOnlyForDeploymentPostprocessing = 0;
		};
/* End PBXSourcesBuildPhase section */

/* Begin PBXTargetDependency section */
		3B5A59BD1D01825800105280 /* PBXTargetDependency */ = {
			isa = PBXTargetDependency;
			target = 3B5A59A11D01825800105280 /* cyPZH */;
			targetProxy = 3B5A59BC1D01825800105280 /* PBXContainerItemProxy */;
		};
		3B5A59C81D01825800105280 /* PBXTargetDependency */ = {
			isa = PBXTargetDependency;
			target = 3B5A59A11D01825800105280 /* cyPZH */;
			targetProxy = 3B5A59C71D01825800105280 /* PBXContainerItemProxy */;
		};
/* End PBXTargetDependency section */

/* Begin XCBuildConfiguration section */
		3B5A59CD1D01825800105280 /* Debug */ = {
			isa = XCBuildConfiguration;
			buildSettings = {
				ALWAYS_SEARCH_USER_PATHS = NO;
				CLANG_ANALYZER_NONNULL = YES;
				CLANG_CXX_LANGUAGE_STANDARD = "gnu++0x";
				CLANG_CXX_LIBRARY = "libc++";
				CLANG_ENABLE_MODULES = YES;
				CLANG_ENABLE_OBJC_ARC = YES;
				CLANG_WARN_BOOL_CONVERSION = YES;
				CLANG_WARN_CONSTANT_CONVERSION = YES;
				CLANG_WARN_DIRECT_OBJC_ISA_USAGE = YES_ERROR;
				CLANG_WARN_EMPTY_BODY = YES;
				CLANG_WARN_ENUM_CONVERSION = YES;
				CLANG_WARN_INT_CONVERSION = YES;
				CLANG_WARN_OBJC_ROOT_CLASS = YES_ERROR;
				CLANG_WARN_UNREACHABLE_CODE = YES;
				CLANG_WARN__DUPLICATE_METHOD_MATCH = YES;
				"CODE_SIGN_IDENTITY[sdk=iphoneos*]" = "iPhone Developer";
				COPY_PHASE_STRIP = NO;
				DEBUG_INFORMATION_FORMAT = dwarf;
				ENABLE_STRICT_OBJC_MSGSEND = YES;
				ENABLE_TESTABILITY = YES;
				GCC_C_LANGUAGE_STANDARD = gnu99;
				GCC_DYNAMIC_NO_PIC = NO;
				GCC_NO_COMMON_BLOCKS = YES;
				GCC_OPTIMIZATION_LEVEL = 0;
				GCC_PREPROCESSOR_DEFINITIONS = (
					"DEBUG=1",
					"$(inherited)",
				);
				GCC_WARN_64_TO_32_BIT_CONVERSION = YES;
				GCC_WARN_ABOUT_RETURN_TYPE = YES_ERROR;
				GCC_WARN_UNDECLARED_SELECTOR = YES;
				GCC_WARN_UNINITIALIZED_AUTOS = YES_AGGRESSIVE;
				GCC_WARN_UNUSED_FUNCTION = YES;
				GCC_WARN_UNUSED_VARIABLE = YES;
				IPHONEOS_DEPLOYMENT_TARGET = 9.3;
				MTL_ENABLE_DEBUG_INFO = YES;
				ONLY_ACTIVE_ARCH = YES;
				SDKROOT = iphoneos;
			};
			name = Debug;
		};
		3B5A59CE1D01825800105280 /* Release */ = {
			isa = XCBuildConfiguration;
			buildSettings = {
				ALWAYS_SEARCH_USER_PATHS = NO;
				CLANG_ANALYZER_NONNULL = YES;
				CLANG_CXX_LANGUAGE_STANDARD = "gnu++0x";
				CLANG_CXX_LIBRARY = "libc++";
				CLANG_ENABLE_MODULES = YES;
				CLANG_ENABLE_OBJC_ARC = YES;
				CLANG_WARN_BOOL_CONVERSION = YES;
				CLANG_WARN_CONSTANT_CONVERSION = YES;
				CLANG_WARN_DIRECT_OBJC_ISA_USAGE = YES_ERROR;
				CLANG_WARN_EMPTY_BODY = YES;
				CLANG_WARN_ENUM_CONVERSION = YES;
				CLANG_WARN_INT_CONVERSION = YES;
				CLANG_WARN_OBJC_ROOT_CLASS = YES_ERROR;
				CLANG_WARN_UNREACHABLE_CODE = YES;
				CLANG_WARN__DUPLICATE_METHOD_MATCH = YES;
				"CODE_SIGN_IDENTITY[sdk=iphoneos*]" = "iPhone Developer";
				COPY_PHASE_STRIP = NO;
				DEBUG_INFORMATION_FORMAT = "dwarf-with-dsym";
				ENABLE_NS_ASSERTIONS = NO;
				ENABLE_STRICT_OBJC_MSGSEND = YES;
				GCC_C_LANGUAGE_STANDARD = gnu99;
				GCC_NO_COMMON_BLOCKS = YES;
				GCC_WARN_64_TO_32_BIT_CONVERSION = YES;
				GCC_WARN_ABOUT_RETURN_TYPE = YES_ERROR;
				GCC_WARN_UNDECLARED_SELECTOR = YES;
				GCC_WARN_UNINITIALIZED_AUTOS = YES_AGGRESSIVE;
				GCC_WARN_UNUSED_FUNCTION = YES;
				GCC_WARN_UNUSED_VARIABLE = YES;
				IPHONEOS_DEPLOYMENT_TARGET = 9.3;
				MTL_ENABLE_DEBUG_INFO = NO;
				SDKROOT = iphoneos;
				VALIDATE_PRODUCT = YES;
			};
			name = Release;
		};
		3B5A59D01D01825800105280 /* Debug */ = {
			isa = XCBuildConfiguration;
			baseConfigurationReference = 05BEC5071EF2473BE33402D7 /* Pods.debug.xcconfig */;
			buildSettings = {
				CLANG_CXX_LIBRARY = "compiler-default";
				CODE_SIGN_IDENTITY = "iPhone Developer";
				ENABLE_BITCODE = NO;
				GCC_INPUT_FILETYPE = automatic;
				GCC_PRECOMPILE_PREFIX_HEADER = NO;
				GCC_PREFIX_HEADER = "$(SRCROOT)/$(PROJECT_NAME)/PrefixHeader.pch";
				HEADER_SEARCH_PATHS = (
					"$(inherited)",
					"\"${PODS_ROOT}/Headers/Public\"",
					"\"${PODS_ROOT}/Headers/Public/MOBFoundation\"",
					"\"${PODS_ROOT}/Headers/Public/ShareSDK3\"",
				);
				INFOPLIST_FILE = cyPZH/Info.plist;
				IPHONEOS_DEPLOYMENT_TARGET = 8.0;
				LD_RUNPATH_SEARCH_PATHS = "$(inherited) @executable_path/Frameworks";
				LIBRARY_SEARCH_PATHS = (
					"$(inherited)",
					"$(PROJECT_DIR)/cyPZH/LIB库/BaiduMobStat",
					"$(PROJECT_DIR)/cyPZH/LIB库/语言SDK",
				);
				PRODUCT_BUNDLE_IDENTIFIER = com.daqsoft.ios.add.cyPZH;
				PRODUCT_NAME = "$(TARGET_NAME)";
				PROVISIONING_PROFILE = "";
			};
			name = Debug;
		};
		3B5A59D11D01825800105280 /* Release */ = {
			isa = XCBuildConfiguration;
			baseConfigurationReference = E2659243C1836EFE4B5767EA /* Pods.release.xcconfig */;
			buildSettings = {
				CLANG_CXX_LIBRARY = "compiler-default";
				CODE_SIGN_IDENTITY = "iPhone Developer";
				ENABLE_BITCODE = NO;
				GCC_INPUT_FILETYPE = automatic;
				GCC_PRECOMPILE_PREFIX_HEADER = NO;
				GCC_PREFIX_HEADER = "$(SRCROOT)/$(PROJECT_NAME)/PrefixHeader.pch";
				HEADER_SEARCH_PATHS = (
					"$(inherited)",
					"\"${PODS_ROOT}/Headers/Public\"",
					"\"${PODS_ROOT}/Headers/Public/MOBFoundation\"",
					"\"${PODS_ROOT}/Headers/Public/ShareSDK3\"",
				);
				INFOPLIST_FILE = cyPZH/Info.plist;
				IPHONEOS_DEPLOYMENT_TARGET = 8.0;
				LD_RUNPATH_SEARCH_PATHS = "$(inherited) @executable_path/Frameworks";
				LIBRARY_SEARCH_PATHS = (
					"$(inherited)",
					"$(PROJECT_DIR)/cyPZH/LIB库/BaiduMobStat",
					"$(PROJECT_DIR)/cyPZH/LIB库/语言SDK",
				);
				PRODUCT_BUNDLE_IDENTIFIER = com.daqsoft.ios.add.cyPZH;
				PRODUCT_NAME = "$(TARGET_NAME)";
				PROVISIONING_PROFILE = "";
			};
			name = Release;
		};
		3B5A59D31D01825800105280 /* Debug */ = {
			isa = XCBuildConfiguration;
			buildSettings = {
				BUNDLE_LOADER = "$(TEST_HOST)";
				INFOPLIST_FILE = cyPZHTests/Info.plist;
				LD_RUNPATH_SEARCH_PATHS = "$(inherited) @executable_path/Frameworks @loader_path/Frameworks";
				PRODUCT_BUNDLE_IDENTIFIER = com.daqsoft.ios.add.cyPZHTests;
				PRODUCT_NAME = "$(TARGET_NAME)";
				TEST_HOST = "$(BUILT_PRODUCTS_DIR)/cyPZH.app/cyPZH";
			};
			name = Debug;
		};
		3B5A59D41D01825800105280 /* Release */ = {
			isa = XCBuildConfiguration;
			buildSettings = {
				BUNDLE_LOADER = "$(TEST_HOST)";
				INFOPLIST_FILE = cyPZHTests/Info.plist;
				LD_RUNPATH_SEARCH_PATHS = "$(inherited) @executable_path/Frameworks @loader_path/Frameworks";
				PRODUCT_BUNDLE_IDENTIFIER = com.daqsoft.ios.add.cyPZHTests;
				PRODUCT_NAME = "$(TARGET_NAME)";
				TEST_HOST = "$(BUILT_PRODUCTS_DIR)/cyPZH.app/cyPZH";
			};
			name = Release;
		};
		3B5A59D61D01825800105280 /* Debug */ = {
			isa = XCBuildConfiguration;
			buildSettings = {
				INFOPLIST_FILE = cyPZHUITests/Info.plist;
				LD_RUNPATH_SEARCH_PATHS = "$(inherited) @executable_path/Frameworks @loader_path/Frameworks";
				PRODUCT_BUNDLE_IDENTIFIER = com.daqsoft.ios.add.cyPZHUITests;
				PRODUCT_NAME = "$(TARGET_NAME)";
				TEST_TARGET_NAME = cyPZH;
			};
			name = Debug;
		};
		3B5A59D71D01825800105280 /* Release */ = {
			isa = XCBuildConfiguration;
			buildSettings = {
				INFOPLIST_FILE = cyPZHUITests/Info.plist;
				LD_RUNPATH_SEARCH_PATHS = "$(inherited) @executable_path/Frameworks @loader_path/Frameworks";
				PRODUCT_BUNDLE_IDENTIFIER = com.daqsoft.ios.add.cyPZHUITests;
				PRODUCT_NAME = "$(TARGET_NAME)";
				TEST_TARGET_NAME = cyPZH;
			};
			name = Release;
		};
/* End XCBuildConfiguration section */

/* Begin XCConfigurationList section */
		3B5A599D1D01825800105280 /* Build configuration list for PBXProject "cyPZH" */ = {
			isa = XCConfigurationList;
			buildConfigurations = (
				3B5A59CD1D01825800105280 /* Debug */,
				3B5A59CE1D01825800105280 /* Release */,
			);
			defaultConfigurationIsVisible = 0;
			defaultConfigurationName = Release;
		};
		3B5A59CF1D01825800105280 /* Build configuration list for PBXNativeTarget "cyPZH" */ = {
			isa = XCConfigurationList;
			buildConfigurations = (
				3B5A59D01D01825800105280 /* Debug */,
				3B5A59D11D01825800105280 /* Release */,
			);
			defaultConfigurationIsVisible = 0;
			defaultConfigurationName = Release;
		};
		3B5A59D21D01825800105280 /* Build configuration list for PBXNativeTarget "cyPZHTests" */ = {
			isa = XCConfigurationList;
			buildConfigurations = (
				3B5A59D31D01825800105280 /* Debug */,
				3B5A59D41D01825800105280 /* Release */,
			);
			defaultConfigurationIsVisible = 0;
			defaultConfigurationName = Release;
		};
		3B5A59D51D01825800105280 /* Build configuration list for PBXNativeTarget "cyPZHUITests" */ = {
			isa = XCConfigurationList;
			buildConfigurations = (
				3B5A59D61D01825800105280 /* Debug */,
				3B5A59D71D01825800105280 /* Release */,
			);
			defaultConfigurationIsVisible = 0;
			defaultConfigurationName = Release;
		};
/* End XCConfigurationList section */
	};
	rootObject = 3B5A599A1D01825800105280 /* Project object */;
}
